// !$*UTF8*$!
{
	archiveVersion = 1;
	classes = {
	};
	objectVersion = 46;
	objects = {

/* Begin PBXBuildFile section */
		C5478F541B80C36800A379F1 /* UIKit.framework in Frameworks */ = {isa = PBXBuildFile; fileRef = C5478F531B80C36800A379F1 /* UIKit.framework */; };
		C5478F561B80C37700A379F1 /* CoreGraphics.framework in Frameworks */ = {isa = PBXBuildFile; fileRef = C5478F551B80C37700A379F1 /* CoreGraphics.framework */; };
		C5478F571B80C38900A379F1 /* Foundation.framework in Frameworks */ = {isa = PBXBuildFile; fileRef = C5478F501B80C32900A379F1 /* Foundation.framework */; };
		C57C85671B99537A00ED2C29 /* ZYProfileController.m in Sources */ = {isa = PBXBuildFile; fileRef = C57C85661B99537A00ED2C29 /* ZYProfileController.m */; };
		C5D46A581B74A9C700BAF8EF /* Images.xcassets in Resources */ = {isa = PBXBuildFile; fileRef = C5D46A571B74A9C700BAF8EF /* Images.xcassets */; };
		C931943A1BA2B69700890E5E /* ZYMoreTableData.m in Sources */ = {isa = PBXBuildFile; fileRef = C93194391BA2B69700890E5E /* ZYMoreTableData.m */; settings = {ASSET_TAGS = (); }; };
		C951F1991B884A9500CECA01 /* main.m in Sources */ = {isa = PBXBuildFile; fileRef = C951F1951B884A9500CECA01 /* main.m */; };
		C951F19A1B884A9500CECA01 /* ZYAppDelegate.m in Sources */ = {isa = PBXBuildFile; fileRef = C951F1971B884A9500CECA01 /* ZYAppDelegate.m */; };
		C951F19E1B884ACF00CECA01 /* ZYNewfeatureController.m in Sources */ = {isa = PBXBuildFile; fileRef = C951F19D1B884ACF00CECA01 /* ZYNewfeatureController.m */; };
		C951F1A11B884ADE00CECA01 /* ZYMainController.m in Sources */ = {isa = PBXBuildFile; fileRef = C951F1A01B884ADE00CECA01 /* ZYMainController.m */; };
		C951F1A41B88578800CECA01 /* ZYDockController.m in Sources */ = {isa = PBXBuildFile; fileRef = C951F1A31B88578800CECA01 /* ZYDockController.m */; };
		C951F1A71B8857EE00CECA01 /* ZYDock.m in Sources */ = {isa = PBXBuildFile; fileRef = C951F1A61B8857EE00CECA01 /* ZYDock.m */; };
		C951F1AA1B8858E100CECA01 /* ZYDockItem.m in Sources */ = {isa = PBXBuildFile; fileRef = C951F1A91B8858E100CECA01 /* ZYDockItem.m */; };
		C951F1B01B88725D00CECA01 /* ZYHomeViewController.m in Sources */ = {isa = PBXBuildFile; fileRef = C951F1AF1B88725D00CECA01 /* ZYHomeViewController.m */; };
		C951F1B31B88726F00CECA01 /* ZYMoreViewController.m in Sources */ = {isa = PBXBuildFile; fileRef = C951F1B21B88726F00CECA01 /* ZYMoreViewController.m */; };
		C951F1B61B88728000CECA01 /* ZYDiscoverViewController.m in Sources */ = {isa = PBXBuildFile; fileRef = C951F1B51B88728000CECA01 /* ZYDiscoverViewController.m */; };
		C951F1B91B8872B900CECA01 /* ZYMessageViewController.m in Sources */ = {isa = PBXBuildFile; fileRef = C951F1B81B8872B900CECA01 /* ZYMessageViewController.m */; };
		C96691241B9D44AD0012FF0C /* UIBarButtonItem+ZY.m in Sources */ = {isa = PBXBuildFile; fileRef = C96691231B9D44AD0012FF0C /* UIBarButtonItem+ZY.m */; settings = {ASSET_TAGS = (); }; };
		C9B3D48C1BA7BB99006937B2 /* ZYTableViewCell.m in Sources */ = {isa = PBXBuildFile; fileRef = C9B3D48B1BA7BB99006937B2 /* ZYTableViewCell.m */; settings = {ASSET_TAGS = (); }; };
		C9B3D50B1BA7C1E8006937B2 /* common_button_big_red.png in Resources */ = {isa = PBXBuildFile; fileRef = C9B3D48F1BA7C1E8006937B2 /* common_button_big_red.png */; settings = {ASSET_TAGS = (); }; };
		C9B3D50C1BA7C1E8006937B2 /* common_button_big_red@2x.png in Resources */ = {isa = PBXBuildFile; fileRef = C9B3D4901BA7C1E8006937B2 /* common_button_big_red@2x.png */; settings = {ASSET_TAGS = (); }; };
		C9B3D50D1BA7C1E8006937B2 /* common_button_big_red_highlighted.png in Resources */ = {isa = PBXBuildFile; fileRef = C9B3D4911BA7C1E8006937B2 /* common_button_big_red_highlighted.png */; settings = {ASSET_TAGS = (); }; };
		C9B3D50E1BA7C1E8006937B2 /* common_button_big_red_highlighted@2x.png in Resources */ = {isa = PBXBuildFile; fileRef = C9B3D4921BA7C1E8006937B2 /* common_button_big_red_highlighted@2x.png */; settings = {ASSET_TAGS = (); }; };
		C9B3D50F1BA7C1E8006937B2 /* common_card_background.png in Resources */ = {isa = PBXBuildFile; fileRef = C9B3D4941BA7C1E8006937B2 /* common_card_background.png */; settings = {ASSET_TAGS = (); }; };
		C9B3D5101BA7C1E8006937B2 /* common_card_background@2x.png in Resources */ = {isa = PBXBuildFile; fileRef = C9B3D4951BA7C1E8006937B2 /* common_card_background@2x.png */; settings = {ASSET_TAGS = (); }; };
		C9B3D5111BA7C1E8006937B2 /* common_card_background_highlighted.png in Resources */ = {isa = PBXBuildFile; fileRef = C9B3D4961BA7C1E8006937B2 /* common_card_background_highlighted.png */; settings = {ASSET_TAGS = (); }; };
		C9B3D5121BA7C1E8006937B2 /* common_card_background_highlighted@2x.png in Resources */ = {isa = PBXBuildFile; fileRef = C9B3D4971BA7C1E8006937B2 /* common_card_background_highlighted@2x.png */; settings = {ASSET_TAGS = (); }; };
		C9B3D5131BA7C1E8006937B2 /* common_card_bottom_background.png in Resources */ = {isa = PBXBuildFile; fileRef = C9B3D4981BA7C1E8006937B2 /* common_card_bottom_background.png */; settings = {ASSET_TAGS = (); }; };
		C9B3D5141BA7C1E8006937B2 /* common_card_bottom_background@2x.png in Resources */ = {isa = PBXBuildFile; fileRef = C9B3D4991BA7C1E8006937B2 /* common_card_bottom_background@2x.png */; settings = {ASSET_TAGS = (); }; };
		C9B3D5151BA7C1E8006937B2 /* common_card_bottom_background_highlighted.png in Resources */ = {isa = PBXBuildFile; fileRef = C9B3D49A1BA7C1E8006937B2 /* common_card_bottom_background_highlighted.png */; settings = {ASSET_TAGS = (); }; };
		C9B3D5161BA7C1E8006937B2 /* common_card_bottom_background_highlighted@2x.png in Resources */ = {isa = PBXBuildFile; fileRef = C9B3D49B1BA7C1E8006937B2 /* common_card_bottom_background_highlighted@2x.png */; settings = {ASSET_TAGS = (); }; };
		C9B3D5171BA7C1E8006937B2 /* common_card_middle_background.png in Resources */ = {isa = PBXBuildFile; fileRef = C9B3D49C1BA7C1E8006937B2 /* common_card_middle_background.png */; settings = {ASSET_TAGS = (); }; };
		C9B3D5181BA7C1E8006937B2 /* common_card_middle_background@2x.png in Resources */ = {isa = PBXBuildFile; fileRef = C9B3D49D1BA7C1E8006937B2 /* common_card_middle_background@2x.png */; settings = {ASSET_TAGS = (); }; };
		C9B3D5191BA7C1E8006937B2 /* common_card_middle_background_highlighted.png in Resources */ = {isa = PBXBuildFile; fileRef = C9B3D49E1BA7C1E8006937B2 /* common_card_middle_background_highlighted.png */; settings = {ASSET_TAGS = (); }; };
		C9B3D51A1BA7C1E8006937B2 /* common_card_middle_background_highlighted@2x.png in Resources */ = {isa = PBXBuildFile; fileRef = C9B3D49F1BA7C1E8006937B2 /* common_card_middle_background_highlighted@2x.png */; settings = {ASSET_TAGS = (); }; };
		C9B3D51B1BA7C1E8006937B2 /* common_card_top_background.png in Resources */ = {isa = PBXBuildFile; fileRef = C9B3D4A01BA7C1E8006937B2 /* common_card_top_background.png */; settings = {ASSET_TAGS = (); }; };
		C9B3D51C1BA7C1E8006937B2 /* common_card_top_background@2x.png in Resources */ = {isa = PBXBuildFile; fileRef = C9B3D4A11BA7C1E8006937B2 /* common_card_top_background@2x.png */; settings = {ASSET_TAGS = (); }; };
		C9B3D51D1BA7C1E8006937B2 /* common_card_top_background_highlighted.png in Resources */ = {isa = PBXBuildFile; fileRef = C9B3D4A21BA7C1E8006937B2 /* common_card_top_background_highlighted.png */; settings = {ASSET_TAGS = (); }; };
		C9B3D51E1BA7C1E8006937B2 /* common_card_top_background_highlighted@2x.png in Resources */ = {isa = PBXBuildFile; fileRef = C9B3D4A31BA7C1E8006937B2 /* common_card_top_background_highlighted@2x.png */; settings = {ASSET_TAGS = (); }; };
		C9B3D51F1BA7C1E8006937B2 /* main_badge.png in Resources */ = {isa = PBXBuildFile; fileRef = C9B3D4A51BA7C1E8006937B2 /* main_badge.png */; settings = {ASSET_TAGS = (); }; };
		C9B3D5201BA7C1E8006937B2 /* main_badge@2x.png in Resources */ = {isa = PBXBuildFile; fileRef = C9B3D4A61BA7C1E8006937B2 /* main_badge@2x.png */; settings = {ASSET_TAGS = (); }; };
		C9B3D5211BA7C1E8006937B2 /* tabbar_background.png in Resources */ = {isa = PBXBuildFile; fileRef = C9B3D4A71BA7C1E8006937B2 /* tabbar_background.png */; settings = {ASSET_TAGS = (); }; };
		C9B3D5221BA7C1E8006937B2 /* tabbar_background@2x.png in Resources */ = {isa = PBXBuildFile; fileRef = C9B3D4A81BA7C1E8006937B2 /* tabbar_background@2x.png */; settings = {ASSET_TAGS = (); }; };
		C9B3D5231BA7C1E8006937B2 /* tabbar_discover.png in Resources */ = {isa = PBXBuildFile; fileRef = C9B3D4A91BA7C1E8006937B2 /* tabbar_discover.png */; settings = {ASSET_TAGS = (); }; };
		C9B3D5241BA7C1E8006937B2 /* tabbar_discover@2x.png in Resources */ = {isa = PBXBuildFile; fileRef = C9B3D4AA1BA7C1E8006937B2 /* tabbar_discover@2x.png */; settings = {ASSET_TAGS = (); }; };
		C9B3D5251BA7C1E8006937B2 /* tabbar_discover_selected.png in Resources */ = {isa = PBXBuildFile; fileRef = C9B3D4AB1BA7C1E8006937B2 /* tabbar_discover_selected.png */; settings = {ASSET_TAGS = (); }; };
		C9B3D5261BA7C1E8006937B2 /* tabbar_discover_selected@2x.png in Resources */ = {isa = PBXBuildFile; fileRef = C9B3D4AC1BA7C1E8006937B2 /* tabbar_discover_selected@2x.png */; settings = {ASSET_TAGS = (); }; };
		C9B3D5271BA7C1E8006937B2 /* tabbar_home.png in Resources */ = {isa = PBXBuildFile; fileRef = C9B3D4AD1BA7C1E8006937B2 /* tabbar_home.png */; settings = {ASSET_TAGS = (); }; };
		C9B3D5281BA7C1E8006937B2 /* tabbar_home@2x.png in Resources */ = {isa = PBXBuildFile; fileRef = C9B3D4AE1BA7C1E8006937B2 /* tabbar_home@2x.png */; settings = {ASSET_TAGS = (); }; };
		C9B3D5291BA7C1E8006937B2 /* tabbar_home_selected.png in Resources */ = {isa = PBXBuildFile; fileRef = C9B3D4AF1BA7C1E8006937B2 /* tabbar_home_selected.png */; settings = {ASSET_TAGS = (); }; };
		C9B3D52A1BA7C1E8006937B2 /* tabbar_home_selected@2x.png in Resources */ = {isa = PBXBuildFile; fileRef = C9B3D4B01BA7C1E8006937B2 /* tabbar_home_selected@2x.png */; settings = {ASSET_TAGS = (); }; };
		C9B3D52B1BA7C1E8006937B2 /* tabbar_message_center.png in Resources */ = {isa = PBXBuildFile; fileRef = C9B3D4B11BA7C1E8006937B2 /* tabbar_message_center.png */; settings = {ASSET_TAGS = (); }; };
		C9B3D52C1BA7C1E8006937B2 /* tabbar_message_center@2x.png in Resources */ = {isa = PBXBuildFile; fileRef = C9B3D4B21BA7C1E8006937B2 /* tabbar_message_center@2x.png */; settings = {ASSET_TAGS = (); }; };
		C9B3D52D1BA7C1E8006937B2 /* tabbar_message_center_selected.png in Resources */ = {isa = PBXBuildFile; fileRef = C9B3D4B31BA7C1E8006937B2 /* tabbar_message_center_selected.png */; settings = {ASSET_TAGS = (); }; };
		C9B3D52E1BA7C1E8006937B2 /* tabbar_message_center_selected@2x.png in Resources */ = {isa = PBXBuildFile; fileRef = C9B3D4B41BA7C1E8006937B2 /* tabbar_message_center_selected@2x.png */; settings = {ASSET_TAGS = (); }; };
		C9B3D52F1BA7C1E8006937B2 /* tabbar_more.png in Resources */ = {isa = PBXBuildFile; fileRef = C9B3D4B51BA7C1E8006937B2 /* tabbar_more.png */; settings = {ASSET_TAGS = (); }; };
		C9B3D5301BA7C1E8006937B2 /* tabbar_more@2x.png in Resources */ = {isa = PBXBuildFile; fileRef = C9B3D4B61BA7C1E8006937B2 /* tabbar_more@2x.png */; settings = {ASSET_TAGS = (); }; };
		C9B3D5311BA7C1E8006937B2 /* tabbar_more_selected.png in Resources */ = {isa = PBXBuildFile; fileRef = C9B3D4B71BA7C1E8006937B2 /* tabbar_more_selected.png */; settings = {ASSET_TAGS = (); }; };
		C9B3D5321BA7C1E8006937B2 /* tabbar_more_selected@2x.png in Resources */ = {isa = PBXBuildFile; fileRef = C9B3D4B81BA7C1E8006937B2 /* tabbar_more_selected@2x.png */; settings = {ASSET_TAGS = (); }; };
		C9B3D5331BA7C1E8006937B2 /* tabbar_profile.png in Resources */ = {isa = PBXBuildFile; fileRef = C9B3D4B91BA7C1E8006937B2 /* tabbar_profile.png */; settings = {ASSET_TAGS = (); }; };
		C9B3D5341BA7C1E8006937B2 /* tabbar_profile@2x.png in Resources */ = {isa = PBXBuildFile; fileRef = C9B3D4BA1BA7C1E8006937B2 /* tabbar_profile@2x.png */; settings = {ASSET_TAGS = (); }; };
		C9B3D5351BA7C1E8006937B2 /* tabbar_profile_selected.png in Resources */ = {isa = PBXBuildFile; fileRef = C9B3D4BB1BA7C1E8006937B2 /* tabbar_profile_selected.png */; settings = {ASSET_TAGS = (); }; };
		C9B3D5361BA7C1E8006937B2 /* tabbar_profile_selected@2x.png in Resources */ = {isa = PBXBuildFile; fileRef = C9B3D4BC1BA7C1E8006937B2 /* tabbar_profile_selected@2x.png */; settings = {ASSET_TAGS = (); }; };
		C9B3D5371BA7C1E8006937B2 /* tabbar_slider.png in Resources */ = {isa = PBXBuildFile; fileRef = C9B3D4BD1BA7C1E8006937B2 /* tabbar_slider.png */; settings = {ASSET_TAGS = (); }; };
		C9B3D5381BA7C1E8006937B2 /* tabbar_slider@2x.png in Resources */ = {isa = PBXBuildFile; fileRef = C9B3D4BE1BA7C1E8006937B2 /* tabbar_slider@2x.png */; settings = {ASSET_TAGS = (); }; };
		C9B3D5391BA7C1E8006937B2 /* navigationbar_compose.png in Resources */ = {isa = PBXBuildFile; fileRef = C9B3D4C01BA7C1E8006937B2 /* navigationbar_compose.png */; settings = {ASSET_TAGS = (); }; };
		C9B3D53A1BA7C1E8006937B2 /* navigationbar_compose@2x.png in Resources */ = {isa = PBXBuildFile; fileRef = C9B3D4C11BA7C1E8006937B2 /* navigationbar_compose@2x.png */; settings = {ASSET_TAGS = (); }; };
		C9B3D53B1BA7C1E8006937B2 /* navigationbar_compose_highlighted.png in Resources */ = {isa = PBXBuildFile; fileRef = C9B3D4C21BA7C1E8006937B2 /* navigationbar_compose_highlighted.png */; settings = {ASSET_TAGS = (); }; };
		C9B3D53C1BA7C1E8006937B2 /* navigationbar_compose_highlighted@2x.png in Resources */ = {isa = PBXBuildFile; fileRef = C9B3D4C31BA7C1E8006937B2 /* navigationbar_compose_highlighted@2x.png */; settings = {ASSET_TAGS = (); }; };
		C9B3D53D1BA7C1E8006937B2 /* navigationbar_pop.png in Resources */ = {isa = PBXBuildFile; fileRef = C9B3D4C41BA7C1E8006937B2 /* navigationbar_pop.png */; settings = {ASSET_TAGS = (); }; };
		C9B3D53E1BA7C1E8006937B2 /* navigationbar_pop@2x.png in Resources */ = {isa = PBXBuildFile; fileRef = C9B3D4C51BA7C1E8006937B2 /* navigationbar_pop@2x.png */; settings = {ASSET_TAGS = (); }; };
		C9B3D53F1BA7C1E8006937B2 /* navigationbar_pop_highlighted.png in Resources */ = {isa = PBXBuildFile; fileRef = C9B3D4C61BA7C1E8006937B2 /* navigationbar_pop_highlighted.png */; settings = {ASSET_TAGS = (); }; };
		C9B3D5401BA7C1E8006937B2 /* navigationbar_pop_highlighted@2x.png in Resources */ = {isa = PBXBuildFile; fileRef = C9B3D4C71BA7C1E8006937B2 /* navigationbar_pop_highlighted@2x.png */; settings = {ASSET_TAGS = (); }; };
		C9B3D5411BA7C1E8006937B2 /* common_icon_arrow.png in Resources */ = {isa = PBXBuildFile; fileRef = C9B3D4C91BA7C1E8006937B2 /* common_icon_arrow.png */; settings = {ASSET_TAGS = (); }; };
		C9B3D5421BA7C1E8006937B2 /* common_icon_arrow@2x.png in Resources */ = {isa = PBXBuildFile; fileRef = C9B3D4CA1BA7C1E8006937B2 /* common_icon_arrow@2x.png */; settings = {ASSET_TAGS = (); }; };
		C9B3D5431BA7C1E8006937B2 /* common_icon_small_arrow.png in Resources */ = {isa = PBXBuildFile; fileRef = C9B3D4CB1BA7C1E8006937B2 /* common_icon_small_arrow.png */; settings = {ASSET_TAGS = (); }; };
		C9B3D5441BA7C1E8006937B2 /* common_icon_small_arrow@2x.png in Resources */ = {isa = PBXBuildFile; fileRef = C9B3D4CC1BA7C1E8006937B2 /* common_icon_small_arrow@2x.png */; settings = {ASSET_TAGS = (); }; };
		C9B3D5451BA7C1E8006937B2 /* Default-568h@2x.png in Resources */ = {isa = PBXBuildFile; fileRef = C9B3D4CD1BA7C1E8006937B2 /* Default-568h@2x.png */; settings = {ASSET_TAGS = (); }; };
		C9B3D5461BA7C1E8006937B2 /* Default.png in Resources */ = {isa = PBXBuildFile; fileRef = C9B3D4CE1BA7C1E8006937B2 /* Default.png */; settings = {ASSET_TAGS = (); }; };
		C9B3D5471BA7C1E8006937B2 /* Default@2x.png in Resources */ = {isa = PBXBuildFile; fileRef = C9B3D4CF1BA7C1E8006937B2 /* Default@2x.png */; settings = {ASSET_TAGS = (); }; };
		C9B3D5481BA7C1E8006937B2 /* Icon.png in Resources */ = {isa = PBXBuildFile; fileRef = C9B3D4D01BA7C1E8006937B2 /* Icon.png */; settings = {ASSET_TAGS = (); }; };
		C9B3D5491BA7C1E8006937B2 /* Icon@2x.png in Resources */ = {isa = PBXBuildFile; fileRef = C9B3D4D11BA7C1E8006937B2 /* Icon@2x.png */; settings = {ASSET_TAGS = (); }; };
		C9B3D54A1BA7C1E8006937B2 /* navigationbar_back.png in Resources */ = {isa = PBXBuildFile; fileRef = C9B3D4D31BA7C1E8006937B2 /* navigationbar_back.png */; settings = {ASSET_TAGS = (); }; };
		C9B3D54B1BA7C1E8006937B2 /* navigationbar_back@2x.png in Resources */ = {isa = PBXBuildFile; fileRef = C9B3D4D41BA7C1E8006937B2 /* navigationbar_back@2x.png */; settings = {ASSET_TAGS = (); }; };
		C9B3D54C1BA7C1E8006937B2 /* navigationbar_back_highlighted.png in Resources */ = {isa = PBXBuildFile; fileRef = C9B3D4D51BA7C1E8006937B2 /* navigationbar_back_highlighted.png */; settings = {ASSET_TAGS = (); }; };
		C9B3D54D1BA7C1E8006937B2 /* navigationbar_back_highlighted@2x.png in Resources */ = {isa = PBXBuildFile; fileRef = C9B3D4D61BA7C1E8006937B2 /* navigationbar_back_highlighted@2x.png */; settings = {ASSET_TAGS = (); }; };
		C9B3D54E1BA7C1E8006937B2 /* navigationbar_back_right.png in Resources */ = {isa = PBXBuildFile; fileRef = C9B3D4D71BA7C1E8006937B2 /* navigationbar_back_right.png */; settings = {ASSET_TAGS = (); }; };
		C9B3D54F1BA7C1E8006937B2 /* navigationbar_back_right@2x.png in Resources */ = {isa = PBXBuildFile; fileRef = C9B3D4D81BA7C1E8006937B2 /* navigationbar_back_right@2x.png */; settings = {ASSET_TAGS = (); }; };
		C9B3D5501BA7C1E8006937B2 /* navigationbar_back_right_highlighted.png in Resources */ = {isa = PBXBuildFile; fileRef = C9B3D4D91BA7C1E8006937B2 /* navigationbar_back_right_highlighted.png */; settings = {ASSET_TAGS = (); }; };
		C9B3D5511BA7C1E8006937B2 /* navigationbar_back_right_highlighted@2x.png in Resources */ = {isa = PBXBuildFile; fileRef = C9B3D4DA1BA7C1E8006937B2 /* navigationbar_back_right_highlighted@2x.png */; settings = {ASSET_TAGS = (); }; };
		C9B3D5521BA7C1E8006937B2 /* navigationbar_background.png in Resources */ = {isa = PBXBuildFile; fileRef = C9B3D4DB1BA7C1E8006937B2 /* navigationbar_background.png */; settings = {ASSET_TAGS = (); }; };
		C9B3D5531BA7C1E8006937B2 /* navigationbar_background@2x.png in Resources */ = {isa = PBXBuildFile; fileRef = C9B3D4DC1BA7C1E8006937B2 /* navigationbar_background@2x.png */; settings = {ASSET_TAGS = (); }; };
		C9B3D5541BA7C1E8006937B2 /* navigationbar_button_background.png in Resources */ = {isa = PBXBuildFile; fileRef = C9B3D4DD1BA7C1E8006937B2 /* navigationbar_button_background.png */; settings = {ASSET_TAGS = (); }; };
		C9B3D5551BA7C1E8006937B2 /* navigationbar_button_background@2x.png in Resources */ = {isa = PBXBuildFile; fileRef = C9B3D4DE1BA7C1E8006937B2 /* navigationbar_button_background@2x.png */; settings = {ASSET_TAGS = (); }; };
		C9B3D5561BA7C1E8006937B2 /* navigationbar_button_background_disable.png in Resources */ = {isa = PBXBuildFile; fileRef = C9B3D4DF1BA7C1E8006937B2 /* navigationbar_button_background_disable.png */; settings = {ASSET_TAGS = (); }; };
		C9B3D5571BA7C1E8006937B2 /* navigationbar_button_background_disable@2x.png in Resources */ = {isa = PBXBuildFile; fileRef = C9B3D4E01BA7C1E8006937B2 /* navigationbar_button_background_disable@2x.png */; settings = {ASSET_TAGS = (); }; };
		C9B3D5581BA7C1E8006937B2 /* navigationbar_button_background_disabled.png in Resources */ = {isa = PBXBuildFile; fileRef = C9B3D4E11BA7C1E8006937B2 /* navigationbar_button_background_disabled.png */; settings = {ASSET_TAGS = (); }; };
		C9B3D5591BA7C1E8006937B2 /* navigationbar_button_background_disabled@2x.png in Resources */ = {isa = PBXBuildFile; fileRef = C9B3D4E21BA7C1E8006937B2 /* navigationbar_button_background_disabled@2x.png */; settings = {ASSET_TAGS = (); }; };
		C9B3D55A1BA7C1E8006937B2 /* navigationbar_button_background_pushed.png in Resources */ = {isa = PBXBuildFile; fileRef = C9B3D4E31BA7C1E8006937B2 /* navigationbar_button_background_pushed.png */; settings = {ASSET_TAGS = (); }; };
		C9B3D55B1BA7C1E8006937B2 /* navigationbar_button_background_pushed@2x.png in Resources */ = {isa = PBXBuildFile; fileRef = C9B3D4E41BA7C1E8006937B2 /* navigationbar_button_background_pushed@2x.png */; settings = {ASSET_TAGS = (); }; };
		C9B3D55C1BA7C1E8006937B2 /* navigationbar_home.png in Resources */ = {isa = PBXBuildFile; fileRef = C9B3D4E51BA7C1E8006937B2 /* navigationbar_home.png */; settings = {ASSET_TAGS = (); }; };
		C9B3D55D1BA7C1E8006937B2 /* navigationbar_home@2x.png in Resources */ = {isa = PBXBuildFile; fileRef = C9B3D4E61BA7C1E8006937B2 /* navigationbar_home@2x.png */; settings = {ASSET_TAGS = (); }; };
		C9B3D55E1BA7C1E8006937B2 /* navigationbar_home_highlighted.png in Resources */ = {isa = PBXBuildFile; fileRef = C9B3D4E71BA7C1E8006937B2 /* navigationbar_home_highlighted.png */; settings = {ASSET_TAGS = (); }; };
		C9B3D55F1BA7C1E8006937B2 /* navigationbar_home_highlighted@2x.png in Resources */ = {isa = PBXBuildFile; fileRef = C9B3D4E81BA7C1E8006937B2 /* navigationbar_home_highlighted@2x.png */; settings = {ASSET_TAGS = (); }; };
		C9B3D5601BA7C1E8006937B2 /* navigationbar_more.png in Resources */ = {isa = PBXBuildFile; fileRef = C9B3D4E91BA7C1E8006937B2 /* navigationbar_more.png */; settings = {ASSET_TAGS = (); }; };
		C9B3D5611BA7C1E8006937B2 /* navigationbar_more@2x.png in Resources */ = {isa = PBXBuildFile; fileRef = C9B3D4EA1BA7C1E8006937B2 /* navigationbar_more@2x.png */; settings = {ASSET_TAGS = (); }; };
		C9B3D5621BA7C1E8006937B2 /* navigationbar_more_highlighted.png in Resources */ = {isa = PBXBuildFile; fileRef = C9B3D4EB1BA7C1E8006937B2 /* navigationbar_more_highlighted.png */; settings = {ASSET_TAGS = (); }; };
		C9B3D5631BA7C1E8006937B2 /* navigationbar_more_highlighted@2x.png in Resources */ = {isa = PBXBuildFile; fileRef = C9B3D4EC1BA7C1E8006937B2 /* navigationbar_more_highlighted@2x.png */; settings = {ASSET_TAGS = (); }; };
		C9B3D5641BA7C1E8006937B2 /* new_feature_1-568h@2x.png in Resources */ = {isa = PBXBuildFile; fileRef = C9B3D4EE1BA7C1E8006937B2 /* new_feature_1-568h@2x.png */; settings = {ASSET_TAGS = (); }; };
		C9B3D5651BA7C1E8006937B2 /* new_feature_1.png in Resources */ = {isa = PBXBuildFile; fileRef = C9B3D4EF1BA7C1E8006937B2 /* new_feature_1.png */; settings = {ASSET_TAGS = (); }; };
		C9B3D5661BA7C1E8006937B2 /* new_feature_1@2x.png in Resources */ = {isa = PBXBuildFile; fileRef = C9B3D4F01BA7C1E8006937B2 /* new_feature_1@2x.png */; settings = {ASSET_TAGS = (); }; };
		C9B3D5671BA7C1E8006937B2 /* new_feature_2-568h@2x.png in Resources */ = {isa = PBXBuildFile; fileRef = C9B3D4F11BA7C1E8006937B2 /* new_feature_2-568h@2x.png */; settings = {ASSET_TAGS = (); }; };
		C9B3D5681BA7C1E8006937B2 /* new_feature_2.png in Resources */ = {isa = PBXBuildFile; fileRef = C9B3D4F21BA7C1E8006937B2 /* new_feature_2.png */; settings = {ASSET_TAGS = (); }; };
		C9B3D5691BA7C1E8006937B2 /* new_feature_2@2x.png in Resources */ = {isa = PBXBuildFile; fileRef = C9B3D4F31BA7C1E8006937B2 /* new_feature_2@2x.png */; settings = {ASSET_TAGS = (); }; };
		C9B3D56A1BA7C1E8006937B2 /* new_feature_3-568h@2x.png in Resources */ = {isa = PBXBuildFile; fileRef = C9B3D4F41BA7C1E8006937B2 /* new_feature_3-568h@2x.png */; settings = {ASSET_TAGS = (); }; };
		C9B3D56B1BA7C1E8006937B2 /* new_feature_3.png in Resources */ = {isa = PBXBuildFile; fileRef = C9B3D4F51BA7C1E8006937B2 /* new_feature_3.png */; settings = {ASSET_TAGS = (); }; };
		C9B3D56C1BA7C1E8006937B2 /* new_feature_3@2x.png in Resources */ = {isa = PBXBuildFile; fileRef = C9B3D4F61BA7C1E8006937B2 /* new_feature_3@2x.png */; settings = {ASSET_TAGS = (); }; };
		C9B3D56D1BA7C1E8006937B2 /* new_feature_4-568h@2x.png in Resources */ = {isa = PBXBuildFile; fileRef = C9B3D4F71BA7C1E8006937B2 /* new_feature_4-568h@2x.png */; settings = {ASSET_TAGS = (); }; };
		C9B3D56E1BA7C1E8006937B2 /* new_feature_4.png in Resources */ = {isa = PBXBuildFile; fileRef = C9B3D4F81BA7C1E8006937B2 /* new_feature_4.png */; settings = {ASSET_TAGS = (); }; };
		C9B3D56F1BA7C1E8006937B2 /* new_feature_4@2x.png in Resources */ = {isa = PBXBuildFile; fileRef = C9B3D4F91BA7C1E8006937B2 /* new_feature_4@2x.png */; settings = {ASSET_TAGS = (); }; };
		C9B3D5701BA7C1E8006937B2 /* new_feature_background-568h@2x.png in Resources */ = {isa = PBXBuildFile; fileRef = C9B3D4FA1BA7C1E8006937B2 /* new_feature_background-568h@2x.png */; settings = {ASSET_TAGS = (); }; };
		C9B3D5711BA7C1E8006937B2 /* new_feature_background.png in Resources */ = {isa = PBXBuildFile; fileRef = C9B3D4FB1BA7C1E8006937B2 /* new_feature_background.png */; settings = {ASSET_TAGS = (); }; };
		C9B3D5721BA7C1E8006937B2 /* new_feature_background@2x.png in Resources */ = {isa = PBXBuildFile; fileRef = C9B3D4FC1BA7C1E8006937B2 /* new_feature_background@2x.png */; settings = {ASSET_TAGS = (); }; };
		C9B3D5731BA7C1E8006937B2 /* new_feature_finish_button.png in Resources */ = {isa = PBXBuildFile; fileRef = C9B3D4FD1BA7C1E8006937B2 /* new_feature_finish_button.png */; settings = {ASSET_TAGS = (); }; };
		C9B3D5741BA7C1E8006937B2 /* new_feature_finish_button@2x.png in Resources */ = {isa = PBXBuildFile; fileRef = C9B3D4FE1BA7C1E8006937B2 /* new_feature_finish_button@2x.png */; settings = {ASSET_TAGS = (); }; };
		C9B3D5751BA7C1E8006937B2 /* new_feature_finish_button_highlighted.png in Resources */ = {isa = PBXBuildFile; fileRef = C9B3D4FF1BA7C1E8006937B2 /* new_feature_finish_button_highlighted.png */; settings = {ASSET_TAGS = (); }; };
		C9B3D5761BA7C1E8006937B2 /* new_feature_finish_button_highlighted@2x.png in Resources */ = {isa = PBXBuildFile; fileRef = C9B3D5001BA7C1E8006937B2 /* new_feature_finish_button_highlighted@2x.png */; settings = {ASSET_TAGS = (); }; };
		C9B3D5771BA7C1E8006937B2 /* new_feature_pagecontrol_checked_point.png in Resources */ = {isa = PBXBuildFile; fileRef = C9B3D5011BA7C1E8006937B2 /* new_feature_pagecontrol_checked_point.png */; settings = {ASSET_TAGS = (); }; };
		C9B3D5781BA7C1E8006937B2 /* new_feature_pagecontrol_checked_point@2x.png in Resources */ = {isa = PBXBuildFile; fileRef = C9B3D5021BA7C1E8006937B2 /* new_feature_pagecontrol_checked_point@2x.png */; settings = {ASSET_TAGS = (); }; };
		C9B3D5791BA7C1E8006937B2 /* new_feature_pagecontrol_point.png in Resources */ = {isa = PBXBuildFile; fileRef = C9B3D5031BA7C1E8006937B2 /* new_feature_pagecontrol_point.png */; settings = {ASSET_TAGS = (); }; };
		C9B3D57A1BA7C1E8006937B2 /* new_feature_pagecontrol_point@2x.png in Resources */ = {isa = PBXBuildFile; fileRef = C9B3D5041BA7C1E8006937B2 /* new_feature_pagecontrol_point@2x.png */; settings = {ASSET_TAGS = (); }; };
		C9B3D57B1BA7C1E8006937B2 /* new_feature_share_false.png in Resources */ = {isa = PBXBuildFile; fileRef = C9B3D5051BA7C1E8006937B2 /* new_feature_share_false.png */; settings = {ASSET_TAGS = (); }; };
		C9B3D57C1BA7C1E8006937B2 /* new_feature_share_false@2x.png in Resources */ = {isa = PBXBuildFile; fileRef = C9B3D5061BA7C1E8006937B2 /* new_feature_share_false@2x.png */; settings = {ASSET_TAGS = (); }; };
		C9B3D57D1BA7C1E8006937B2 /* new_feature_share_true.png in Resources */ = {isa = PBXBuildFile; fileRef = C9B3D5071BA7C1E8006937B2 /* new_feature_share_true.png */; settings = {ASSET_TAGS = (); }; };
		C9B3D57E1BA7C1E8006937B2 /* new_feature_share_true@2x.png in Resources */ = {isa = PBXBuildFile; fileRef = C9B3D5081BA7C1E8006937B2 /* new_feature_share_true@2x.png */; settings = {ASSET_TAGS = (); }; };
		C9B3D57F1BA7C1E8006937B2 /* TestImage.jpg in Resources */ = {isa = PBXBuildFile; fileRef = C9B3D50A1BA7C1E8006937B2 /* TestImage.jpg */; settings = {ASSET_TAGS = (); }; };
		C9B3D5821BA7C33A006937B2 /* UIImage+ZY.m in Sources */ = {isa = PBXBuildFile; fileRef = C9B3D5811BA7C33A006937B2 /* UIImage+ZY.m */; settings = {ASSET_TAGS = (); }; };
		C9B3D58B1BA968E5006937B2 /* More.plist in Resources */ = {isa = PBXBuildFile; fileRef = C9B3D58A1BA968E5006937B2 /* More.plist */; settings = {ASSET_TAGS = (); }; };
/* End PBXBuildFile section */

/* Begin PBXFileReference section */
		C5478F501B80C32900A379F1 /* Foundation.framework */ = {isa = PBXFileReference; lastKnownFileType = wrapper.framework; name = Foundation.framework; path = System/Library/Frameworks/Foundation.framework; sourceTree = SDKROOT; };
		C5478F531B80C36800A379F1 /* UIKit.framework */ = {isa = PBXFileReference; lastKnownFileType = wrapper.framework; name = UIKit.framework; path = System/Library/Frameworks/UIKit.framework; sourceTree = SDKROOT; };
		C5478F551B80C37700A379F1 /* CoreGraphics.framework */ = {isa = PBXFileReference; lastKnownFileType = wrapper.framework; name = CoreGraphics.framework; path = System/Library/Frameworks/CoreGraphics.framework; sourceTree = SDKROOT; };
		C57C85651B99537A00ED2C29 /* ZYProfileController.h */ = {isa = PBXFileReference; fileEncoding = 4; lastKnownFileType = sourcecode.c.h; name = ZYProfileController.h; path = Classes/Profile/ZYProfileController.h; sourceTree = "<group>"; };
		C57C85661B99537A00ED2C29 /* ZYProfileController.m */ = {isa = PBXFileReference; fileEncoding = 4; lastKnownFileType = sourcecode.c.objc; name = ZYProfileController.m; path = Classes/Profile/ZYProfileController.m; sourceTree = "<group>"; };
		C5D46A471B74A9C700BAF8EF /* ZYSinaMicroBlog.app */ = {isa = PBXFileReference; explicitFileType = wrapper.application; includeInIndex = 0; path = ZYSinaMicroBlog.app; sourceTree = BUILT_PRODUCTS_DIR; };
		C5D46A4B1B74A9C700BAF8EF /* Info.plist */ = {isa = PBXFileReference; lastKnownFileType = text.plist.xml; path = Info.plist; sourceTree = "<group>"; };
		C5D46A571B74A9C700BAF8EF /* Images.xcassets */ = {isa = PBXFileReference; lastKnownFileType = folder.assetcatalog; path = Images.xcassets; sourceTree = "<group>"; };
		C93194381BA2B69700890E5E /* ZYMoreTableData.h */ = {isa = PBXFileReference; fileEncoding = 4; lastKnownFileType = sourcecode.c.h; name = ZYMoreTableData.h; path = Classes/More/ZYMoreTableData.h; sourceTree = "<group>"; };
		C93194391BA2B69700890E5E /* ZYMoreTableData.m */ = {isa = PBXFileReference; fileEncoding = 4; lastKnownFileType = sourcecode.c.objc; name = ZYMoreTableData.m; path = Classes/More/ZYMoreTableData.m; sourceTree = "<group>"; };
		C951F1951B884A9500CECA01 /* main.m */ = {isa = PBXFileReference; fileEncoding = 4; lastKnownFileType = sourcecode.c.objc; name = main.m; path = Classes/Other/main.m; sourceTree = "<group>"; };
		C951F1961B884A9500CECA01 /* ZYAppDelegate.h */ = {isa = PBXFileReference; fileEncoding = 4; lastKnownFileType = sourcecode.c.h; name = ZYAppDelegate.h; path = Classes/Other/ZYAppDelegate.h; sourceTree = "<group>"; };
		C951F1971B884A9500CECA01 /* ZYAppDelegate.m */ = {isa = PBXFileReference; fileEncoding = 4; lastKnownFileType = sourcecode.c.objc; name = ZYAppDelegate.m; path = Classes/Other/ZYAppDelegate.m; sourceTree = "<group>"; };
		C951F1981B884A9500CECA01 /* ZYCommon.h */ = {isa = PBXFileReference; fileEncoding = 4; lastKnownFileType = sourcecode.c.h; name = ZYCommon.h; path = Classes/Other/ZYCommon.h; sourceTree = "<group>"; };
		C951F19B1B884A9E00CECA01 /* SinaMicroBlog-Prefix.pch */ = {isa = PBXFileReference; fileEncoding = 4; lastKnownFileType = sourcecode.c.h; path = "SinaMicroBlog-Prefix.pch"; sourceTree = "<group>"; };
		C951F19C1B884ACF00CECA01 /* ZYNewfeatureController.h */ = {isa = PBXFileReference; fileEncoding = 4; lastKnownFileType = sourcecode.c.h; name = ZYNewfeatureController.h; path = Classes/Newfeature/ZYNewfeatureController.h; sourceTree = "<group>"; };
		C951F19D1B884ACF00CECA01 /* ZYNewfeatureController.m */ = {isa = PBXFileReference; fileEncoding = 4; lastKnownFileType = sourcecode.c.objc; name = ZYNewfeatureController.m; path = Classes/Newfeature/ZYNewfeatureController.m; sourceTree = "<group>"; };
		C951F19F1B884ADE00CECA01 /* ZYMainController.h */ = {isa = PBXFileReference; fileEncoding = 4; lastKnownFileType = sourcecode.c.h; name = ZYMainController.h; path = Classes/Main/Controller/ZYMainController.h; sourceTree = "<group>"; };
		C951F1A01B884ADE00CECA01 /* ZYMainController.m */ = {isa = PBXFileReference; fileEncoding = 4; lastKnownFileType = sourcecode.c.objc; name = ZYMainController.m; path = Classes/Main/Controller/ZYMainController.m; sourceTree = "<group>"; };
		C951F1A21B88578800CECA01 /* ZYDockController.h */ = {isa = PBXFileReference; fileEncoding = 4; lastKnownFileType = sourcecode.c.h; name = ZYDockController.h; path = Classes/Main/Controller/ZYDockController.h; sourceTree = "<group>"; };
		C951F1A31B88578800CECA01 /* ZYDockController.m */ = {isa = PBXFileReference; fileEncoding = 4; lastKnownFileType = sourcecode.c.objc; name = ZYDockController.m; path = Classes/Main/Controller/ZYDockController.m; sourceTree = "<group>"; };
		C951F1A51B8857EE00CECA01 /* ZYDock.h */ = {isa = PBXFileReference; fileEncoding = 4; lastKnownFileType = sourcecode.c.h; name = ZYDock.h; path = Classes/Main/View/ZYDock.h; sourceTree = "<group>"; };
		C951F1A61B8857EE00CECA01 /* ZYDock.m */ = {isa = PBXFileReference; fileEncoding = 4; lastKnownFileType = sourcecode.c.objc; name = ZYDock.m; path = Classes/Main/View/ZYDock.m; sourceTree = "<group>"; };
		C951F1A81B8858E100CECA01 /* ZYDockItem.h */ = {isa = PBXFileReference; fileEncoding = 4; lastKnownFileType = sourcecode.c.h; name = ZYDockItem.h; path = Classes/Main/View/ZYDockItem.h; sourceTree = "<group>"; };
		C951F1A91B8858E100CECA01 /* ZYDockItem.m */ = {isa = PBXFileReference; fileEncoding = 4; lastKnownFileType = sourcecode.c.objc; name = ZYDockItem.m; path = Classes/Main/View/ZYDockItem.m; sourceTree = "<group>"; };
		C951F1AE1B88725D00CECA01 /* ZYHomeViewController.h */ = {isa = PBXFileReference; fileEncoding = 4; lastKnownFileType = sourcecode.c.h; name = ZYHomeViewController.h; path = Classes/Home/ZYHomeViewController.h; sourceTree = "<group>"; };
		C951F1AF1B88725D00CECA01 /* ZYHomeViewController.m */ = {isa = PBXFileReference; fileEncoding = 4; lastKnownFileType = sourcecode.c.objc; name = ZYHomeViewController.m; path = Classes/Home/ZYHomeViewController.m; sourceTree = "<group>"; };
		C951F1B11B88726F00CECA01 /* ZYMoreViewController.h */ = {isa = PBXFileReference; fileEncoding = 4; lastKnownFileType = sourcecode.c.h; name = ZYMoreViewController.h; path = Classes/More/ZYMoreViewController.h; sourceTree = "<group>"; };
		C951F1B21B88726F00CECA01 /* ZYMoreViewController.m */ = {isa = PBXFileReference; fileEncoding = 4; lastKnownFileType = sourcecode.c.objc; name = ZYMoreViewController.m; path = Classes/More/ZYMoreViewController.m; sourceTree = "<group>"; };
		C951F1B41B88728000CECA01 /* ZYDiscoverViewController.h */ = {isa = PBXFileReference; fileEncoding = 4; lastKnownFileType = sourcecode.c.h; name = ZYDiscoverViewController.h; path = Classes/Discover/ZYDiscoverViewController.h; sourceTree = "<group>"; };
		C951F1B51B88728000CECA01 /* ZYDiscoverViewController.m */ = {isa = PBXFileReference; fileEncoding = 4; lastKnownFileType = sourcecode.c.objc; name = ZYDiscoverViewController.m; path = Classes/Discover/ZYDiscoverViewController.m; sourceTree = "<group>"; };
		C951F1B71B8872B900CECA01 /* ZYMessageViewController.h */ = {isa = PBXFileReference; fileEncoding = 4; lastKnownFileType = sourcecode.c.h; name = ZYMessageViewController.h; path = Classes/Message/ZYMessageViewController.h; sourceTree = "<group>"; };
		C951F1B81B8872B900CECA01 /* ZYMessageViewController.m */ = {isa = PBXFileReference; fileEncoding = 4; lastKnownFileType = sourcecode.c.objc; name = ZYMessageViewController.m; path = Classes/Message/ZYMessageViewController.m; sourceTree = "<group>"; };
		C96691221B9D44AD0012FF0C /* UIBarButtonItem+ZY.h */ = {isa = PBXFileReference; fileEncoding = 4; lastKnownFileType = sourcecode.c.h; name = "UIBarButtonItem+ZY.h"; path = "Classes/Category/UIBarButtonItem+ZY.h"; sourceTree = "<group>"; };
		C96691231B9D44AD0012FF0C /* UIBarButtonItem+ZY.m */ = {isa = PBXFileReference; fileEncoding = 4; lastKnownFileType = sourcecode.c.objc; name = "UIBarButtonItem+ZY.m"; path = "Classes/Category/UIBarButtonItem+ZY.m"; sourceTree = "<group>"; };
		C9B3D48A1BA7BB99006937B2 /* ZYTableViewCell.h */ = {isa = PBXFileReference; fileEncoding = 4; lastKnownFileType = sourcecode.c.h; name = ZYTableViewCell.h; path = Classes/More/ZYTableViewCell.h; sourceTree = "<group>"; };
		C9B3D48B1BA7BB99006937B2 /* ZYTableViewCell.m */ = {isa = PBXFileReference; fileEncoding = 4; lastKnownFileType = sourcecode.c.objc; name = ZYTableViewCell.m; path = Classes/More/ZYTableViewCell.m; sourceTree = "<group>"; };
		C9B3D48F1BA7C1E8006937B2 /* common_button_big_red.png */ = {isa = PBXFileReference; lastKnownFileType = image.png; path = common_button_big_red.png; sourceTree = "<group>"; };
		C9B3D4901BA7C1E8006937B2 /* common_button_big_red@2x.png */ = {isa = PBXFileReference; lastKnownFileType = image.png; path = "common_button_big_red@2x.png"; sourceTree = "<group>"; };
		C9B3D4911BA7C1E8006937B2 /* common_button_big_red_highlighted.png */ = {isa = PBXFileReference; lastKnownFileType = image.png; path = common_button_big_red_highlighted.png; sourceTree = "<group>"; };
		C9B3D4921BA7C1E8006937B2 /* common_button_big_red_highlighted@2x.png */ = {isa = PBXFileReference; lastKnownFileType = image.png; path = "common_button_big_red_highlighted@2x.png"; sourceTree = "<group>"; };
		C9B3D4941BA7C1E8006937B2 /* common_card_background.png */ = {isa = PBXFileReference; lastKnownFileType = image.png; path = common_card_background.png; sourceTree = "<group>"; };
		C9B3D4951BA7C1E8006937B2 /* common_card_background@2x.png */ = {isa = PBXFileReference; lastKnownFileType = image.png; path = "common_card_background@2x.png"; sourceTree = "<group>"; };
		C9B3D4961BA7C1E8006937B2 /* common_card_background_highlighted.png */ = {isa = PBXFileReference; lastKnownFileType = image.png; path = common_card_background_highlighted.png; sourceTree = "<group>"; };
		C9B3D4971BA7C1E8006937B2 /* common_card_background_highlighted@2x.png */ = {isa = PBXFileReference; lastKnownFileType = image.png; path = "common_card_background_highlighted@2x.png"; sourceTree = "<group>"; };
		C9B3D4981BA7C1E8006937B2 /* common_card_bottom_background.png */ = {isa = PBXFileReference; lastKnownFileType = image.png; path = common_card_bottom_background.png; sourceTree = "<group>"; };
		C9B3D4991BA7C1E8006937B2 /* common_card_bottom_background@2x.png */ = {isa = PBXFileReference; lastKnownFileType = image.png; path = "common_card_bottom_background@2x.png"; sourceTree = "<group>"; };
		C9B3D49A1BA7C1E8006937B2 /* common_card_bottom_background_highlighted.png */ = {isa = PBXFileReference; lastKnownFileType = image.png; path = common_card_bottom_background_highlighted.png; sourceTree = "<group>"; };
		C9B3D49B1BA7C1E8006937B2 /* common_card_bottom_background_highlighted@2x.png */ = {isa = PBXFileReference; lastKnownFileType = image.png; path = "common_card_bottom_background_highlighted@2x.png"; sourceTree = "<group>"; };
		C9B3D49C1BA7C1E8006937B2 /* common_card_middle_background.png */ = {isa = PBXFileReference; lastKnownFileType = image.png; path = common_card_middle_background.png; sourceTree = "<group>"; };
		C9B3D49D1BA7C1E8006937B2 /* common_card_middle_background@2x.png */ = {isa = PBXFileReference; lastKnownFileType = image.png; path = "common_card_middle_background@2x.png"; sourceTree = "<group>"; };
		C9B3D49E1BA7C1E8006937B2 /* common_card_middle_background_highlighted.png */ = {isa = PBXFileReference; lastKnownFileType = image.png; path = common_card_middle_background_highlighted.png; sourceTree = "<group>"; };
		C9B3D49F1BA7C1E8006937B2 /* common_card_middle_background_highlighted@2x.png */ = {isa = PBXFileReference; lastKnownFileType = image.png; path = "common_card_middle_background_highlighted@2x.png"; sourceTree = "<group>"; };
		C9B3D4A01BA7C1E8006937B2 /* common_card_top_background.png */ = {isa = PBXFileReference; lastKnownFileType = image.png; path = common_card_top_background.png; sourceTree = "<group>"; };
		C9B3D4A11BA7C1E8006937B2 /* common_card_top_background@2x.png */ = {isa = PBXFileReference; lastKnownFileType = image.png; path = "common_card_top_background@2x.png"; sourceTree = "<group>"; };
		C9B3D4A21BA7C1E8006937B2 /* common_card_top_background_highlighted.png */ = {isa = PBXFileReference; lastKnownFileType = image.png; path = common_card_top_background_highlighted.png; sourceTree = "<group>"; };
		C9B3D4A31BA7C1E8006937B2 /* common_card_top_background_highlighted@2x.png */ = {isa = PBXFileReference; lastKnownFileType = image.png; path = "common_card_top_background_highlighted@2x.png"; sourceTree = "<group>"; };
		C9B3D4A51BA7C1E8006937B2 /* main_badge.png */ = {isa = PBXFileReference; lastKnownFileType = image.png; path = main_badge.png; sourceTree = "<group>"; };
		C9B3D4A61BA7C1E8006937B2 /* main_badge@2x.png */ = {isa = PBXFileReference; lastKnownFileType = image.png; path = "main_badge@2x.png"; sourceTree = "<group>"; };
		C9B3D4A71BA7C1E8006937B2 /* tabbar_background.png */ = {isa = PBXFileReference; lastKnownFileType = image.png; path = tabbar_background.png; sourceTree = "<group>"; };
		C9B3D4A81BA7C1E8006937B2 /* tabbar_background@2x.png */ = {isa = PBXFileReference; lastKnownFileType = image.png; path = "tabbar_background@2x.png"; sourceTree = "<group>"; };
		C9B3D4A91BA7C1E8006937B2 /* tabbar_discover.png */ = {isa = PBXFileReference; lastKnownFileType = image.png; path = tabbar_discover.png; sourceTree = "<group>"; };
		C9B3D4AA1BA7C1E8006937B2 /* tabbar_discover@2x.png */ = {isa = PBXFileReference; lastKnownFileType = image.png; path = "tabbar_discover@2x.png"; sourceTree = "<group>"; };
		C9B3D4AB1BA7C1E8006937B2 /* tabbar_discover_selected.png */ = {isa = PBXFileReference; lastKnownFileType = image.png; path = tabbar_discover_selected.png; sourceTree = "<group>"; };
		C9B3D4AC1BA7C1E8006937B2 /* tabbar_discover_selected@2x.png */ = {isa = PBXFileReference; lastKnownFileType = image.png; path = "tabbar_discover_selected@2x.png"; sourceTree = "<group>"; };
		C9B3D4AD1BA7C1E8006937B2 /* tabbar_home.png */ = {isa = PBXFileReference; lastKnownFileType = image.png; path = tabbar_home.png; sourceTree = "<group>"; };
		C9B3D4AE1BA7C1E8006937B2 /* tabbar_home@2x.png */ = {isa = PBXFileReference; lastKnownFileType = image.png; path = "tabbar_home@2x.png"; sourceTree = "<group>"; };
		C9B3D4AF1BA7C1E8006937B2 /* tabbar_home_selected.png */ = {isa = PBXFileReference; lastKnownFileType = image.png; path = tabbar_home_selected.png; sourceTree = "<group>"; };
		C9B3D4B01BA7C1E8006937B2 /* tabbar_home_selected@2x.png */ = {isa = PBXFileReference; lastKnownFileType = image.png; path = "tabbar_home_selected@2x.png"; sourceTree = "<group>"; };
		C9B3D4B11BA7C1E8006937B2 /* tabbar_message_center.png */ = {isa = PBXFileReference; lastKnownFileType = image.png; path = tabbar_message_center.png; sourceTree = "<group>"; };
		C9B3D4B21BA7C1E8006937B2 /* tabbar_message_center@2x.png */ = {isa = PBXFileReference; lastKnownFileType = image.png; path = "tabbar_message_center@2x.png"; sourceTree = "<group>"; };
		C9B3D4B31BA7C1E8006937B2 /* tabbar_message_center_selected.png */ = {isa = PBXFileReference; lastKnownFileType = image.png; path = tabbar_message_center_selected.png; sourceTree = "<group>"; };
		C9B3D4B41BA7C1E8006937B2 /* tabbar_message_center_selected@2x.png */ = {isa = PBXFileReference; lastKnownFileType = image.png; path = "tabbar_message_center_selected@2x.png"; sourceTree = "<group>"; };
		C9B3D4B51BA7C1E8006937B2 /* tabbar_more.png */ = {isa = PBXFileReference; lastKnownFileType = image.png; path = tabbar_more.png; sourceTree = "<group>"; };
		C9B3D4B61BA7C1E8006937B2 /* tabbar_more@2x.png */ = {isa = PBXFileReference; lastKnownFileType = image.png; path = "tabbar_more@2x.png"; sourceTree = "<group>"; };
		C9B3D4B71BA7C1E8006937B2 /* tabbar_more_selected.png */ = {isa = PBXFileReference; lastKnownFileType = image.png; path = tabbar_more_selected.png; sourceTree = "<group>"; };
		C9B3D4B81BA7C1E8006937B2 /* tabbar_more_selected@2x.png */ = {isa = PBXFileReference; lastKnownFileType = image.png; path = "tabbar_more_selected@2x.png"; sourceTree = "<group>"; };
		C9B3D4B91BA7C1E8006937B2 /* tabbar_profile.png */ = {isa = PBXFileReference; lastKnownFileType = image.png; path = tabbar_profile.png; sourceTree = "<group>"; };
		C9B3D4BA1BA7C1E8006937B2 /* tabbar_profile@2x.png */ = {isa = PBXFileReference; lastKnownFileType = image.png; path = "tabbar_profile@2x.png"; sourceTree = "<group>"; };
		C9B3D4BB1BA7C1E8006937B2 /* tabbar_profile_selected.png */ = {isa = PBXFileReference; lastKnownFileType = image.png; path = tabbar_profile_selected.png; sourceTree = "<group>"; };
		C9B3D4BC1BA7C1E8006937B2 /* tabbar_profile_selected@2x.png */ = {isa = PBXFileReference; lastKnownFileType = image.png; path = "tabbar_profile_selected@2x.png"; sourceTree = "<group>"; };
		C9B3D4BD1BA7C1E8006937B2 /* tabbar_slider.png */ = {isa = PBXFileReference; lastKnownFileType = image.png; path = tabbar_slider.png; sourceTree = "<group>"; };
		C9B3D4BE1BA7C1E8006937B2 /* tabbar_slider@2x.png */ = {isa = PBXFileReference; lastKnownFileType = image.png; path = "tabbar_slider@2x.png"; sourceTree = "<group>"; };
		C9B3D4C01BA7C1E8006937B2 /* navigationbar_compose.png */ = {isa = PBXFileReference; lastKnownFileType = image.png; path = navigationbar_compose.png; sourceTree = "<group>"; };
		C9B3D4C11BA7C1E8006937B2 /* navigationbar_compose@2x.png */ = {isa = PBXFileReference; lastKnownFileType = image.png; path = "navigationbar_compose@2x.png"; sourceTree = "<group>"; };
		C9B3D4C21BA7C1E8006937B2 /* navigationbar_compose_highlighted.png */ = {isa = PBXFileReference; lastKnownFileType = image.png; path = navigationbar_compose_highlighted.png; sourceTree = "<group>"; };
		C9B3D4C31BA7C1E8006937B2 /* navigationbar_compose_highlighted@2x.png */ = {isa = PBXFileReference; lastKnownFileType = image.png; path = "navigationbar_compose_highlighted@2x.png"; sourceTree = "<group>"; };
		C9B3D4C41BA7C1E8006937B2 /* navigationbar_pop.png */ = {isa = PBXFileReference; lastKnownFileType = image.png; path = navigationbar_pop.png; sourceTree = "<group>"; };
		C9B3D4C51BA7C1E8006937B2 /* navigationbar_pop@2x.png */ = {isa = PBXFileReference; lastKnownFileType = image.png; path = "navigationbar_pop@2x.png"; sourceTree = "<group>"; };
		C9B3D4C61BA7C1E8006937B2 /* navigationbar_pop_highlighted.png */ = {isa = PBXFileReference; lastKnownFileType = image.png; path = navigationbar_pop_highlighted.png; sourceTree = "<group>"; };
		C9B3D4C71BA7C1E8006937B2 /* navigationbar_pop_highlighted@2x.png */ = {isa = PBXFileReference; lastKnownFileType = image.png; path = "navigationbar_pop_highlighted@2x.png"; sourceTree = "<group>"; };
		C9B3D4C91BA7C1E8006937B2 /* common_icon_arrow.png */ = {isa = PBXFileReference; lastKnownFileType = image.png; path = common_icon_arrow.png; sourceTree = "<group>"; };
		C9B3D4CA1BA7C1E8006937B2 /* common_icon_arrow@2x.png */ = {isa = PBXFileReference; lastKnownFileType = image.png; path = "common_icon_arrow@2x.png"; sourceTree = "<group>"; };
		C9B3D4CB1BA7C1E8006937B2 /* common_icon_small_arrow.png */ = {isa = PBXFileReference; lastKnownFileType = image.png; path = common_icon_small_arrow.png; sourceTree = "<group>"; };
		C9B3D4CC1BA7C1E8006937B2 /* common_icon_small_arrow@2x.png */ = {isa = PBXFileReference; lastKnownFileType = image.png; path = "common_icon_small_arrow@2x.png"; sourceTree = "<group>"; };
		C9B3D4CD1BA7C1E8006937B2 /* Default-568h@2x.png */ = {isa = PBXFileReference; lastKnownFileType = image.png; path = "Default-568h@2x.png"; sourceTree = "<group>"; };
		C9B3D4CE1BA7C1E8006937B2 /* Default.png */ = {isa = PBXFileReference; lastKnownFileType = image.png; path = Default.png; sourceTree = "<group>"; };
		C9B3D4CF1BA7C1E8006937B2 /* Default@2x.png */ = {isa = PBXFileReference; lastKnownFileType = image.png; path = "Default@2x.png"; sourceTree = "<group>"; };
		C9B3D4D01BA7C1E8006937B2 /* Icon.png */ = {isa = PBXFileReference; lastKnownFileType = image.png; path = Icon.png; sourceTree = "<group>"; };
		C9B3D4D11BA7C1E8006937B2 /* Icon@2x.png */ = {isa = PBXFileReference; lastKnownFileType = image.png; path = "Icon@2x.png"; sourceTree = "<group>"; };
		C9B3D4D31BA7C1E8006937B2 /* navigationbar_back.png */ = {isa = PBXFileReference; lastKnownFileType = image.png; path = navigationbar_back.png; sourceTree = "<group>"; };
		C9B3D4D41BA7C1E8006937B2 /* navigationbar_back@2x.png */ = {isa = PBXFileReference; lastKnownFileType = image.png; path = "navigationbar_back@2x.png"; sourceTree = "<group>"; };
		C9B3D4D51BA7C1E8006937B2 /* navigationbar_back_highlighted.png */ = {isa = PBXFileReference; lastKnownFileType = image.png; path = navigationbar_back_highlighted.png; sourceTree = "<group>"; };
		C9B3D4D61BA7C1E8006937B2 /* navigationbar_back_highlighted@2x.png */ = {isa = PBXFileReference; lastKnownFileType = image.png; path = "navigationbar_back_highlighted@2x.png"; sourceTree = "<group>"; };
		C9B3D4D71BA7C1E8006937B2 /* navigationbar_back_right.png */ = {isa = PBXFileReference; lastKnownFileType = image.png; path = navigationbar_back_right.png; sourceTree = "<group>"; };
		C9B3D4D81BA7C1E8006937B2 /* navigationbar_back_right@2x.png */ = {isa = PBXFileReference; lastKnownFileType = image.png; path = "navigationbar_back_right@2x.png"; sourceTree = "<group>"; };
		C9B3D4D91BA7C1E8006937B2 /* navigationbar_back_right_highlighted.png */ = {isa = PBXFileReference; lastKnownFileType = image.png; path = navigationbar_back_right_highlighted.png; sourceTree = "<group>"; };
		C9B3D4DA1BA7C1E8006937B2 /* navigationbar_back_right_highlighted@2x.png */ = {isa = PBXFileReference; lastKnownFileType = image.png; path = "navigationbar_back_right_highlighted@2x.png"; sourceTree = "<group>"; };
		C9B3D4DB1BA7C1E8006937B2 /* navigationbar_background.png */ = {isa = PBXFileReference; lastKnownFileType = image.png; path = navigationbar_background.png; sourceTree = "<group>"; };
		C9B3D4DC1BA7C1E8006937B2 /* navigationbar_background@2x.png */ = {isa = PBXFileReference; lastKnownFileType = image.png; path = "navigationbar_background@2x.png"; sourceTree = "<group>"; };
		C9B3D4DD1BA7C1E8006937B2 /* navigationbar_button_background.png */ = {isa = PBXFileReference; lastKnownFileType = image.png; path = navigationbar_button_background.png; sourceTree = "<group>"; };
		C9B3D4DE1BA7C1E8006937B2 /* navigationbar_button_background@2x.png */ = {isa = PBXFileReference; lastKnownFileType = image.png; path = "navigationbar_button_background@2x.png"; sourceTree = "<group>"; };
		C9B3D4DF1BA7C1E8006937B2 /* navigationbar_button_background_disable.png */ = {isa = PBXFileReference; lastKnownFileType = image.png; path = navigationbar_button_background_disable.png; sourceTree = "<group>"; };
		C9B3D4E01BA7C1E8006937B2 /* navigationbar_button_background_disable@2x.png */ = {isa = PBXFileReference; lastKnownFileType = image.png; path = "navigationbar_button_background_disable@2x.png"; sourceTree = "<group>"; };
		C9B3D4E11BA7C1E8006937B2 /* navigationbar_button_background_disabled.png */ = {isa = PBXFileReference; lastKnownFileType = image.png; path = navigationbar_button_background_disabled.png; sourceTree = "<group>"; };
		C9B3D4E21BA7C1E8006937B2 /* navigationbar_button_background_disabled@2x.png */ = {isa = PBXFileReference; lastKnownFileType = image.png; path = "navigationbar_button_background_disabled@2x.png"; sourceTree = "<group>"; };
		C9B3D4E31BA7C1E8006937B2 /* navigationbar_button_background_pushed.png */ = {isa = PBXFileReference; lastKnownFileType = image.png; path = navigationbar_button_background_pushed.png; sourceTree = "<group>"; };
		C9B3D4E41BA7C1E8006937B2 /* navigationbar_button_background_pushed@2x.png */ = {isa = PBXFileReference; lastKnownFileType = image.png; path = "navigationbar_button_background_pushed@2x.png"; sourceTree = "<group>"; };
		C9B3D4E51BA7C1E8006937B2 /* navigationbar_home.png */ = {isa = PBXFileReference; lastKnownFileType = image.png; path = navigationbar_home.png; sourceTree = "<group>"; };
		C9B3D4E61BA7C1E8006937B2 /* navigationbar_home@2x.png */ = {isa = PBXFileReference; lastKnownFileType = image.png; path = "navigationbar_home@2x.png"; sourceTree = "<group>"; };
		C9B3D4E71BA7C1E8006937B2 /* navigationbar_home_highlighted.png */ = {isa = PBXFileReference; lastKnownFileType = image.png; path = navigationbar_home_highlighted.png; sourceTree = "<group>"; };
		C9B3D4E81BA7C1E8006937B2 /* navigationbar_home_highlighted@2x.png */ = {isa = PBXFileReference; lastKnownFileType = image.png; path = "navigationbar_home_highlighted@2x.png"; sourceTree = "<group>"; };
		C9B3D4E91BA7C1E8006937B2 /* navigationbar_more.png */ = {isa = PBXFileReference; lastKnownFileType = image.png; path = navigationbar_more.png; sourceTree = "<group>"; };
		C9B3D4EA1BA7C1E8006937B2 /* navigationbar_more@2x.png */ = {isa = PBXFileReference; lastKnownFileType = image.png; path = "navigationbar_more@2x.png"; sourceTree = "<group>"; };
		C9B3D4EB1BA7C1E8006937B2 /* navigationbar_more_highlighted.png */ = {isa = PBXFileReference; lastKnownFileType = image.png; path = navigationbar_more_highlighted.png; sourceTree = "<group>"; };
		C9B3D4EC1BA7C1E8006937B2 /* navigationbar_more_highlighted@2x.png */ = {isa = PBXFileReference; lastKnownFileType = image.png; path = "navigationbar_more_highlighted@2x.png"; sourceTree = "<group>"; };
		C9B3D4EE1BA7C1E8006937B2 /* new_feature_1-568h@2x.png */ = {isa = PBXFileReference; lastKnownFileType = image.png; path = "new_feature_1-568h@2x.png"; sourceTree = "<group>"; };
		C9B3D4EF1BA7C1E8006937B2 /* new_feature_1.png */ = {isa = PBXFileReference; lastKnownFileType = image.png; path = new_feature_1.png; sourceTree = "<group>"; };
		C9B3D4F01BA7C1E8006937B2 /* new_feature_1@2x.png */ = {isa = PBXFileReference; lastKnownFileType = image.png; path = "new_feature_1@2x.png"; sourceTree = "<group>"; };
		C9B3D4F11BA7C1E8006937B2 /* new_feature_2-568h@2x.png */ = {isa = PBXFileReference; lastKnownFileType = image.png; path = "new_feature_2-568h@2x.png"; sourceTree = "<group>"; };
		C9B3D4F21BA7C1E8006937B2 /* new_feature_2.png */ = {isa = PBXFileReference; lastKnownFileType = image.png; path = new_feature_2.png; sourceTree = "<group>"; };
		C9B3D4F31BA7C1E8006937B2 /* new_feature_2@2x.png */ = {isa = PBXFileReference; lastKnownFileType = image.png; path = "new_feature_2@2x.png"; sourceTree = "<group>"; };
		C9B3D4F41BA7C1E8006937B2 /* new_feature_3-568h@2x.png */ = {isa = PBXFileReference; lastKnownFileType = image.png; path = "new_feature_3-568h@2x.png"; sourceTree = "<group>"; };
		C9B3D4F51BA7C1E8006937B2 /* new_feature_3.png */ = {isa = PBXFileReference; lastKnownFileType = image.png; path = new_feature_3.png; sourceTree = "<group>"; };
		C9B3D4F61BA7C1E8006937B2 /* new_feature_3@2x.png */ = {isa = PBXFileReference; lastKnownFileType = image.png; path = "new_feature_3@2x.png"; sourceTree = "<group>"; };
		C9B3D4F71BA7C1E8006937B2 /* new_feature_4-568h@2x.png */ = {isa = PBXFileReference; lastKnownFileType = image.png; path = "new_feature_4-568h@2x.png"; sourceTree = "<group>"; };
		C9B3D4F81BA7C1E8006937B2 /* new_feature_4.png */ = {isa = PBXFileReference; lastKnownFileType = image.png; path = new_feature_4.png; sourceTree = "<group>"; };
		C9B3D4F91BA7C1E8006937B2 /* new_feature_4@2x.png */ = {isa = PBXFileReference; lastKnownFileType = image.png; path = "new_feature_4@2x.png"; sourceTree = "<group>"; };
		C9B3D4FA1BA7C1E8006937B2 /* new_feature_background-568h@2x.png */ = {isa = PBXFileReference; lastKnownFileType = image.png; path = "new_feature_background-568h@2x.png"; sourceTree = "<group>"; };
		C9B3D4FB1BA7C1E8006937B2 /* new_feature_background.png */ = {isa = PBXFileReference; lastKnownFileType = image.png; path = new_feature_background.png; sourceTree = "<group>"; };
		C9B3D4FC1BA7C1E8006937B2 /* new_feature_background@2x.png */ = {isa = PBXFileReference; lastKnownFileType = image.png; path = "new_feature_background@2x.png"; sourceTree = "<group>"; };
		C9B3D4FD1BA7C1E8006937B2 /* new_feature_finish_button.png */ = {isa = PBXFileReference; lastKnownFileType = image.png; path = new_feature_finish_button.png; sourceTree = "<group>"; };
		C9B3D4FE1BA7C1E8006937B2 /* new_feature_finish_button@2x.png */ = {isa = PBXFileReference; lastKnownFileType = image.png; path = "new_feature_finish_button@2x.png"; sourceTree = "<group>"; };
		C9B3D4FF1BA7C1E8006937B2 /* new_feature_finish_button_highlighted.png */ = {isa = PBXFileReference; lastKnownFileType = image.png; path = new_feature_finish_button_highlighted.png; sourceTree = "<group>"; };
		C9B3D5001BA7C1E8006937B2 /* new_feature_finish_button_highlighted@2x.png */ = {isa = PBXFileReference; lastKnownFileType = image.png; path = "new_feature_finish_button_highlighted@2x.png"; sourceTree = "<group>"; };
		C9B3D5011BA7C1E8006937B2 /* new_feature_pagecontrol_checked_point.png */ = {isa = PBXFileReference; lastKnownFileType = image.png; path = new_feature_pagecontrol_checked_point.png; sourceTree = "<group>"; };
		C9B3D5021BA7C1E8006937B2 /* new_feature_pagecontrol_checked_point@2x.png */ = {isa = PBXFileReference; lastKnownFileType = image.png; path = "new_feature_pagecontrol_checked_point@2x.png"; sourceTree = "<group>"; };
		C9B3D5031BA7C1E8006937B2 /* new_feature_pagecontrol_point.png */ = {isa = PBXFileReference; lastKnownFileType = image.png; path = new_feature_pagecontrol_point.png; sourceTree = "<group>"; };
		C9B3D5041BA7C1E8006937B2 /* new_feature_pagecontrol_point@2x.png */ = {isa = PBXFileReference; lastKnownFileType = image.png; path = "new_feature_pagecontrol_point@2x.png"; sourceTree = "<group>"; };
		C9B3D5051BA7C1E8006937B2 /* new_feature_share_false.png */ = {isa = PBXFileReference; lastKnownFileType = image.png; path = new_feature_share_false.png; sourceTree = "<group>"; };
		C9B3D5061BA7C1E8006937B2 /* new_feature_share_false@2x.png */ = {isa = PBXFileReference; lastKnownFileType = image.png; path = "new_feature_share_false@2x.png"; sourceTree = "<group>"; };
		C9B3D5071BA7C1E8006937B2 /* new_feature_share_true.png */ = {isa = PBXFileReference; lastKnownFileType = image.png; path = new_feature_share_true.png; sourceTree = "<group>"; };
		C9B3D5081BA7C1E8006937B2 /* new_feature_share_true@2x.png */ = {isa = PBXFileReference; lastKnownFileType = image.png; path = "new_feature_share_true@2x.png"; sourceTree = "<group>"; };
		C9B3D50A1BA7C1E8006937B2 /* TestImage.jpg */ = {isa = PBXFileReference; lastKnownFileType = image.jpeg; path = TestImage.jpg; sourceTree = "<group>"; };
		C9B3D5801BA7C33A006937B2 /* UIImage+ZY.h */ = {isa = PBXFileReference; fileEncoding = 4; lastKnownFileType = sourcecode.c.h; name = "UIImage+ZY.h"; path = "Classes/Category/UIImage+ZY.h"; sourceTree = "<group>"; };
		C9B3D5811BA7C33A006937B2 /* UIImage+ZY.m */ = {isa = PBXFileReference; fileEncoding = 4; lastKnownFileType = sourcecode.c.objc; name = "UIImage+ZY.m"; path = "Classes/Category/UIImage+ZY.m"; sourceTree = "<group>"; };
		C9B3D58A1BA968E5006937B2 /* More.plist */ = {isa = PBXFileReference; fileEncoding = 4; lastKnownFileType = text.plist.xml; path = More.plist; sourceTree = "<group>"; };
/* End PBXFileReference section */

/* Begin PBXFrameworksBuildPhase section */
		C5D46A441B74A9C700BAF8EF /* Frameworks */ = {
			isa = PBXFrameworksBuildPhase;
			buildActionMask = 2147483647;
			files = (
				C5478F571B80C38900A379F1 /* Foundation.framework in Frameworks */,
				C5478F561B80C37700A379F1 /* CoreGraphics.framework in Frameworks */,
				C5478F541B80C36800A379F1 /* UIKit.framework in Frameworks */,
			);
			runOnlyForDeploymentPostprocessing = 0;
		};
/* End PBXFrameworksBuildPhase section */

/* Begin PBXGroup section */
		C5478F521B80C33400A379F1 /* Frameworks */ = {
			isa = PBXGroup;
			children = (
				C5478F551B80C37700A379F1 /* CoreGraphics.framework */,
				C5478F531B80C36800A379F1 /* UIKit.framework */,
				C5478F501B80C32900A379F1 /* Foundation.framework */,
			);
			name = Frameworks;
			sourceTree = "<group>";
		};
		C5D46A3E1B74A9C700BAF8EF = {
			isa = PBXGroup;
			children = (
				C5D46A491B74A9C700BAF8EF /* ZYSinaMicroBlog */,
				C5478F521B80C33400A379F1 /* Frameworks */,
				C5D46A481B74A9C700BAF8EF /* Products */,
			);
			sourceTree = "<group>";
		};
		C5D46A481B74A9C700BAF8EF /* Products */ = {
			isa = PBXGroup;
			children = (
				C5D46A471B74A9C700BAF8EF /* ZYSinaMicroBlog.app */,
			);
			name = Products;
			sourceTree = "<group>";
		};
		C5D46A491B74A9C700BAF8EF /* ZYSinaMicroBlog */ = {
			isa = PBXGroup;
			children = (
				C5D46A701B74A9FF00BAF8EF /* Classes */,
				C5D46A4A1B74A9C700BAF8EF /* Supporting Files */,
				C5D46A571B74A9C700BAF8EF /* Images.xcassets */,
				C966912B1BA18B460012FF0C /* Resource */,
			);
			path = ZYSinaMicroBlog;
			sourceTree = "<group>";
		};
		C5D46A4A1B74A9C700BAF8EF /* Supporting Files */ = {
			isa = PBXGroup;
			children = (
				C951F19B1B884A9E00CECA01 /* SinaMicroBlog-Prefix.pch */,
				C5D46A4B1B74A9C700BAF8EF /* Info.plist */,
			);
			name = "Supporting Files";
			sourceTree = "<group>";
		};
		C5D46A701B74A9FF00BAF8EF /* Classes */ = {
			isa = PBXGroup;
			children = (
				C5D46A711B74AA2F00BAF8EF /* Category */,
				C951F1911B8848FA00CECA01 /* Discover */,
				C951F18F1B8848E700CECA01 /* Home */,
				C5D46A721B74AA4700BAF8EF /* Main */,
				C951F1931B88492200CECA01 /* Message */,
				C951F1921B88490D00CECA01 /* More */,
				C5D46A731B74AA5800BAF8EF /* Newfeature */,
				C5D46A741B74AA5F00BAF8EF /* Other */,
				C951F1901B8848F100CECA01 /* Profile */,
			);
			name = Classes;
			sourceTree = "<group>";
		};
		C5D46A711B74AA2F00BAF8EF /* Category */ = {
			isa = PBXGroup;
			children = (
				C96691221B9D44AD0012FF0C /* UIBarButtonItem+ZY.h */,
				C96691231B9D44AD0012FF0C /* UIBarButtonItem+ZY.m */,
				C9B3D5801BA7C33A006937B2 /* UIImage+ZY.h */,
				C9B3D5811BA7C33A006937B2 /* UIImage+ZY.m */,
			);
			name = Category;
			sourceTree = "<group>";
		};
		C5D46A721B74AA4700BAF8EF /* Main */ = {
			isa = PBXGroup;
			children = (
				C5D46A761B74AA9300BAF8EF /* Controller */,
				C5D46A751B74AA8D00BAF8EF /* View */,
			);
			name = Main;
			sourceTree = "<group>";
		};
		C5D46A731B74AA5800BAF8EF /* Newfeature */ = {
			isa = PBXGroup;
			children = (
				C951F19C1B884ACF00CECA01 /* ZYNewfeatureController.h */,
				C951F19D1B884ACF00CECA01 /* ZYNewfeatureController.m */,
			);
			name = Newfeature;
			sourceTree = "<group>";
		};
		C5D46A741B74AA5F00BAF8EF /* Other */ = {
			isa = PBXGroup;
			children = (
				C951F1951B884A9500CECA01 /* main.m */,
				C951F1961B884A9500CECA01 /* ZYAppDelegate.h */,
				C951F1971B884A9500CECA01 /* ZYAppDelegate.m */,
				C951F1981B884A9500CECA01 /* ZYCommon.h */,
			);
			name = Other;
			sourceTree = "<group>";
		};
		C5D46A751B74AA8D00BAF8EF /* View */ = {
			isa = PBXGroup;
			children = (
				C951F1A51B8857EE00CECA01 /* ZYDock.h */,
				C951F1A61B8857EE00CECA01 /* ZYDock.m */,
				C951F1A81B8858E100CECA01 /* ZYDockItem.h */,
				C951F1A91B8858E100CECA01 /* ZYDockItem.m */,
			);
			name = View;
			sourceTree = "<group>";
		};
		C5D46A761B74AA9300BAF8EF /* Controller */ = {
			isa = PBXGroup;
			children = (
				C951F19F1B884ADE00CECA01 /* ZYMainController.h */,
				C951F1A01B884ADE00CECA01 /* ZYMainController.m */,
				C951F1A21B88578800CECA01 /* ZYDockController.h */,
				C951F1A31B88578800CECA01 /* ZYDockController.m */,
			);
			name = Controller;
			sourceTree = "<group>";
		};
		C951F18F1B8848E700CECA01 /* Home */ = {
			isa = PBXGroup;
			children = (
				C951F1AE1B88725D00CECA01 /* ZYHomeViewController.h */,
				C951F1AF1B88725D00CECA01 /* ZYHomeViewController.m */,
			);
			name = Home;
			sourceTree = "<group>";
		};
		C951F1901B8848F100CECA01 /* Profile */ = {
			isa = PBXGroup;
			children = (
				C57C85651B99537A00ED2C29 /* ZYProfileController.h */,
				C57C85661B99537A00ED2C29 /* ZYProfileController.m */,
			);
			name = Profile;
			sourceTree = "<group>";
		};
		C951F1911B8848FA00CECA01 /* Discover */ = {
			isa = PBXGroup;
			children = (
				C951F1B41B88728000CECA01 /* ZYDiscoverViewController.h */,
				C951F1B51B88728000CECA01 /* ZYDiscoverViewController.m */,
			);
			name = Discover;
			sourceTree = "<group>";
		};
		C951F1921B88490D00CECA01 /* More */ = {
			isa = PBXGroup;
			children = (
				C951F1B11B88726F00CECA01 /* ZYMoreViewController.h */,
				C951F1B21B88726F00CECA01 /* ZYMoreViewController.m */,
				C93194381BA2B69700890E5E /* ZYMoreTableData.h */,
				C93194391BA2B69700890E5E /* ZYMoreTableData.m */,
				C9B3D48A1BA7BB99006937B2 /* ZYTableViewCell.h */,
				C9B3D48B1BA7BB99006937B2 /* ZYTableViewCell.m */,
			);
			name = More;
			sourceTree = "<group>";
		};
		C951F1931B88492200CECA01 /* Message */ = {
			isa = PBXGroup;
			children = (
				C951F1B71B8872B900CECA01 /* ZYMessageViewController.h */,
				C951F1B81B8872B900CECA01 /* ZYMessageViewController.m */,
			);
			name = Message;
			sourceTree = "<group>";
		};
		C966912B1BA18B460012FF0C /* Resource */ = {
			isa = PBXGroup;
			children = (
				C9B3D5891BA968E5006937B2 /* Data */,
				C9B3D48D1BA7C1E8006937B2 /* Image */,
				C96691901BA18B460012FF0C /* Music */,
			);
			path = Resource;
			sourceTree = "<group>";
		};
		C96691901BA18B460012FF0C /* Music */ = {
			isa = PBXGroup;
			children = (
			);
			path = Music;
			sourceTree = "<group>";
		};
		C9B3D48D1BA7C1E8006937B2 /* Image */ = {
			isa = PBXGroup;
			children = (
				C9B3D48E1BA7C1E8006937B2 /* Btn */,
				C9B3D4931BA7C1E8006937B2 /* CommonCard */,
				C9B3D4A41BA7C1E8006937B2 /* Dock */,
				C9B3D4BF1BA7C1E8006937B2 /* Home */,
				C9B3D4C81BA7C1E8006937B2 /* Icon */,
				C9B3D4D21BA7C1E8006937B2 /* Navigation */,
				C9B3D4ED1BA7C1E8006937B2 /* Newfeature */,
				C9B3D5091BA7C1E8006937B2 /* Profile */,
			);
			path = Image;
			sourceTree = "<group>";
		};
		C9B3D48E1BA7C1E8006937B2 /* Btn */ = {
			isa = PBXGroup;
			children = (
				C9B3D48F1BA7C1E8006937B2 /* common_button_big_red.png */,
				C9B3D4901BA7C1E8006937B2 /* common_button_big_red@2x.png */,
				C9B3D4911BA7C1E8006937B2 /* common_button_big_red_highlighted.png */,
				C9B3D4921BA7C1E8006937B2 /* common_button_big_red_highlighted@2x.png */,
			);
			path = Btn;
			sourceTree = "<group>";
		};
		C9B3D4931BA7C1E8006937B2 /* CommonCard */ = {
			isa = PBXGroup;
			children = (
				C9B3D4941BA7C1E8006937B2 /* common_card_background.png */,
				C9B3D4951BA7C1E8006937B2 /* common_card_background@2x.png */,
				C9B3D4961BA7C1E8006937B2 /* common_card_background_highlighted.png */,
				C9B3D4971BA7C1E8006937B2 /* common_card_background_highlighted@2x.png */,
				C9B3D4981BA7C1E8006937B2 /* common_card_bottom_background.png */,
				C9B3D4991BA7C1E8006937B2 /* common_card_bottom_background@2x.png */,
				C9B3D49A1BA7C1E8006937B2 /* common_card_bottom_background_highlighted.png */,
				C9B3D49B1BA7C1E8006937B2 /* common_card_bottom_background_highlighted@2x.png */,
				C9B3D49C1BA7C1E8006937B2 /* common_card_middle_background.png */,
				C9B3D49D1BA7C1E8006937B2 /* common_card_middle_background@2x.png */,
				C9B3D49E1BA7C1E8006937B2 /* common_card_middle_background_highlighted.png */,
				C9B3D49F1BA7C1E8006937B2 /* common_card_middle_background_highlighted@2x.png */,
				C9B3D4A01BA7C1E8006937B2 /* common_card_top_background.png */,
				C9B3D4A11BA7C1E8006937B2 /* common_card_top_background@2x.png */,
				C9B3D4A21BA7C1E8006937B2 /* common_card_top_background_highlighted.png */,
				C9B3D4A31BA7C1E8006937B2 /* common_card_top_background_highlighted@2x.png */,
			);
			path = CommonCard;
			sourceTree = "<group>";
		};
		C9B3D4A41BA7C1E8006937B2 /* Dock */ = {
			isa = PBXGroup;
			children = (
				C9B3D4A51BA7C1E8006937B2 /* main_badge.png */,
				C9B3D4A61BA7C1E8006937B2 /* main_badge@2x.png */,
				C9B3D4A71BA7C1E8006937B2 /* tabbar_background.png */,
				C9B3D4A81BA7C1E8006937B2 /* tabbar_background@2x.png */,
				C9B3D4A91BA7C1E8006937B2 /* tabbar_discover.png */,
				C9B3D4AA1BA7C1E8006937B2 /* tabbar_discover@2x.png */,
				C9B3D4AB1BA7C1E8006937B2 /* tabbar_discover_selected.png */,
				C9B3D4AC1BA7C1E8006937B2 /* tabbar_discover_selected@2x.png */,
				C9B3D4AD1BA7C1E8006937B2 /* tabbar_home.png */,
				C9B3D4AE1BA7C1E8006937B2 /* tabbar_home@2x.png */,
				C9B3D4AF1BA7C1E8006937B2 /* tabbar_home_selected.png */,
				C9B3D4B01BA7C1E8006937B2 /* tabbar_home_selected@2x.png */,
				C9B3D4B11BA7C1E8006937B2 /* tabbar_message_center.png */,
				C9B3D4B21BA7C1E8006937B2 /* tabbar_message_center@2x.png */,
				C9B3D4B31BA7C1E8006937B2 /* tabbar_message_center_selected.png */,
				C9B3D4B41BA7C1E8006937B2 /* tabbar_message_center_selected@2x.png */,
				C9B3D4B51BA7C1E8006937B2 /* tabbar_more.png */,
				C9B3D4B61BA7C1E8006937B2 /* tabbar_more@2x.png */,
				C9B3D4B71BA7C1E8006937B2 /* tabbar_more_selected.png */,
				C9B3D4B81BA7C1E8006937B2 /* tabbar_more_selected@2x.png */,
				C9B3D4B91BA7C1E8006937B2 /* tabbar_profile.png */,
				C9B3D4BA1BA7C1E8006937B2 /* tabbar_profile@2x.png */,
				C9B3D4BB1BA7C1E8006937B2 /* tabbar_profile_selected.png */,
				C9B3D4BC1BA7C1E8006937B2 /* tabbar_profile_selected@2x.png */,
				C9B3D4BD1BA7C1E8006937B2 /* tabbar_slider.png */,
				C9B3D4BE1BA7C1E8006937B2 /* tabbar_slider@2x.png */,
			);
			path = Dock;
			sourceTree = "<group>";
		};
		C9B3D4BF1BA7C1E8006937B2 /* Home */ = {
			isa = PBXGroup;
			children = (
				C9B3D4C01BA7C1E8006937B2 /* navigationbar_compose.png */,
				C9B3D4C11BA7C1E8006937B2 /* navigationbar_compose@2x.png */,
				C9B3D4C21BA7C1E8006937B2 /* navigationbar_compose_highlighted.png */,
				C9B3D4C31BA7C1E8006937B2 /* navigationbar_compose_highlighted@2x.png */,
				C9B3D4C41BA7C1E8006937B2 /* navigationbar_pop.png */,
				C9B3D4C51BA7C1E8006937B2 /* navigationbar_pop@2x.png */,
				C9B3D4C61BA7C1E8006937B2 /* navigationbar_pop_highlighted.png */,
				C9B3D4C71BA7C1E8006937B2 /* navigationbar_pop_highlighted@2x.png */,
			);
			path = Home;
			sourceTree = "<group>";
		};
		C9B3D4C81BA7C1E8006937B2 /* Icon */ = {
			isa = PBXGroup;
			children = (
				C9B3D4C91BA7C1E8006937B2 /* common_icon_arrow.png */,
				C9B3D4CA1BA7C1E8006937B2 /* common_icon_arrow@2x.png */,
				C9B3D4CB1BA7C1E8006937B2 /* common_icon_small_arrow.png */,
				C9B3D4CC1BA7C1E8006937B2 /* common_icon_small_arrow@2x.png */,
				C9B3D4CD1BA7C1E8006937B2 /* Default-568h@2x.png */,
				C9B3D4CE1BA7C1E8006937B2 /* Default.png */,
				C9B3D4CF1BA7C1E8006937B2 /* Default@2x.png */,
				C9B3D4D01BA7C1E8006937B2 /* Icon.png */,
				C9B3D4D11BA7C1E8006937B2 /* Icon@2x.png */,
			);
			path = Icon;
			sourceTree = "<group>";
		};
		C9B3D4D21BA7C1E8006937B2 /* Navigation */ = {
			isa = PBXGroup;
			children = (
				C9B3D4D31BA7C1E8006937B2 /* navigationbar_back.png */,
				C9B3D4D41BA7C1E8006937B2 /* navigationbar_back@2x.png */,
				C9B3D4D51BA7C1E8006937B2 /* navigationbar_back_highlighted.png */,
				C9B3D4D61BA7C1E8006937B2 /* navigationbar_back_highlighted@2x.png */,
				C9B3D4D71BA7C1E8006937B2 /* navigationbar_back_right.png */,
				C9B3D4D81BA7C1E8006937B2 /* navigationbar_back_right@2x.png */,
				C9B3D4D91BA7C1E8006937B2 /* navigationbar_back_right_highlighted.png */,
				C9B3D4DA1BA7C1E8006937B2 /* navigationbar_back_right_highlighted@2x.png */,
				C9B3D4DB1BA7C1E8006937B2 /* navigationbar_background.png */,
				C9B3D4DC1BA7C1E8006937B2 /* navigationbar_background@2x.png */,
				C9B3D4DD1BA7C1E8006937B2 /* navigationbar_button_background.png */,
				C9B3D4DE1BA7C1E8006937B2 /* navigationbar_button_background@2x.png */,
				C9B3D4DF1BA7C1E8006937B2 /* navigationbar_button_background_disable.png */,
				C9B3D4E01BA7C1E8006937B2 /* navigationbar_button_background_disable@2x.png */,
				C9B3D4E11BA7C1E8006937B2 /* navigationbar_button_background_disabled.png */,
				C9B3D4E21BA7C1E8006937B2 /* navigationbar_button_background_disabled@2x.png */,
				C9B3D4E31BA7C1E8006937B2 /* navigationbar_button_background_pushed.png */,
				C9B3D4E41BA7C1E8006937B2 /* navigationbar_button_background_pushed@2x.png */,
				C9B3D4E51BA7C1E8006937B2 /* navigationbar_home.png */,
				C9B3D4E61BA7C1E8006937B2 /* navigationbar_home@2x.png */,
				C9B3D4E71BA7C1E8006937B2 /* navigationbar_home_highlighted.png */,
				C9B3D4E81BA7C1E8006937B2 /* navigationbar_home_highlighted@2x.png */,
				C9B3D4E91BA7C1E8006937B2 /* navigationbar_more.png */,
				C9B3D4EA1BA7C1E8006937B2 /* navigationbar_more@2x.png */,
				C9B3D4EB1BA7C1E8006937B2 /* navigationbar_more_highlighted.png */,
				C9B3D4EC1BA7C1E8006937B2 /* navigationbar_more_highlighted@2x.png */,
			);
			path = Navigation;
			sourceTree = "<group>";
		};
		C9B3D4ED1BA7C1E8006937B2 /* Newfeature */ = {
			isa = PBXGroup;
			children = (
				C9B3D4EE1BA7C1E8006937B2 /* new_feature_1-568h@2x.png */,
				C9B3D4EF1BA7C1E8006937B2 /* new_feature_1.png */,
				C9B3D4F01BA7C1E8006937B2 /* new_feature_1@2x.png */,
				C9B3D4F11BA7C1E8006937B2 /* new_feature_2-568h@2x.png */,
				C9B3D4F21BA7C1E8006937B2 /* new_feature_2.png */,
				C9B3D4F31BA7C1E8006937B2 /* new_feature_2@2x.png */,
				C9B3D4F41BA7C1E8006937B2 /* new_feature_3-568h@2x.png */,
				C9B3D4F51BA7C1E8006937B2 /* new_feature_3.png */,
				C9B3D4F61BA7C1E8006937B2 /* new_feature_3@2x.png */,
				C9B3D4F71BA7C1E8006937B2 /* new_feature_4-568h@2x.png */,
				C9B3D4F81BA7C1E8006937B2 /* new_feature_4.png */,
				C9B3D4F91BA7C1E8006937B2 /* new_feature_4@2x.png */,
				C9B3D4FA1BA7C1E8006937B2 /* new_feature_background-568h@2x.png */,
				C9B3D4FB1BA7C1E8006937B2 /* new_feature_background.png */,
				C9B3D4FC1BA7C1E8006937B2 /* new_feature_background@2x.png */,
				C9B3D4FD1BA7C1E8006937B2 /* new_feature_finish_button.png */,
				C9B3D4FE1BA7C1E8006937B2 /* new_feature_finish_button@2x.png */,
				C9B3D4FF1BA7C1E8006937B2 /* new_feature_finish_button_highlighted.png */,
				C9B3D5001BA7C1E8006937B2 /* new_feature_finish_button_highlighted@2x.png */,
				C9B3D5011BA7C1E8006937B2 /* new_feature_pagecontrol_checked_point.png */,
				C9B3D5021BA7C1E8006937B2 /* new_feature_pagecontrol_checked_point@2x.png */,
				C9B3D5031BA7C1E8006937B2 /* new_feature_pagecontrol_point.png */,
				C9B3D5041BA7C1E8006937B2 /* new_feature_pagecontrol_point@2x.png */,
				C9B3D5051BA7C1E8006937B2 /* new_feature_share_false.png */,
				C9B3D5061BA7C1E8006937B2 /* new_feature_share_false@2x.png */,
				C9B3D5071BA7C1E8006937B2 /* new_feature_share_true.png */,
				C9B3D5081BA7C1E8006937B2 /* new_feature_share_true@2x.png */,
			);
			path = Newfeature;
			sourceTree = "<group>";
		};
		C9B3D5091BA7C1E8006937B2 /* Profile */ = {
			isa = PBXGroup;
			children = (
				C9B3D50A1BA7C1E8006937B2 /* TestImage.jpg */,
			);
			path = Profile;
			sourceTree = "<group>";
		};
		C9B3D5891BA968E5006937B2 /* Data */ = {
			isa = PBXGroup;
			children = (
				C9B3D58A1BA968E5006937B2 /* More.plist */,
			);
			path = Data;
			sourceTree = "<group>";
		};
/* End PBXGroup section */

/* Begin PBXNativeTarget section */
		C5D46A461B74A9C700BAF8EF /* ZYSinaMicroBlog */ = {
			isa = PBXNativeTarget;
			buildConfigurationList = C5D46A6A1B74A9C700BAF8EF /* Build configuration list for PBXNativeTarget "ZYSinaMicroBlog" */;
			buildPhases = (
				C5D46A431B74A9C700BAF8EF /* Sources */,
				C5D46A441B74A9C700BAF8EF /* Frameworks */,
				C5D46A451B74A9C700BAF8EF /* Resources */,
			);
			buildRules = (
			);
			dependencies = (
			);
			name = ZYSinaMicroBlog;
			productName = ZYSinaMicroBlog;
			productReference = C5D46A471B74A9C700BAF8EF /* ZYSinaMicroBlog.app */;
			productType = "com.apple.product-type.application";
		};
/* End PBXNativeTarget section */

/* Begin PBXProject section */
		C5D46A3F1B74A9C700BAF8EF /* Project object */ = {
			isa = PBXProject;
			attributes = {
				LastUpgradeCheck = 0700;
				ORGANIZATIONNAME = Yao.zhou;
				TargetAttributes = {
					C5D46A461B74A9C700BAF8EF = {
						CreatedOnToolsVersion = 6.3.1;
					};
				};
			};
			buildConfigurationList = C5D46A421B74A9C700BAF8EF /* Build configuration list for PBXProject "ZYSinaMicroBlog" */;
			compatibilityVersion = "Xcode 3.2";
			developmentRegion = English;
			hasScannedForEncodings = 0;
			knownRegions = (
				en,
				Base,
			);
			mainGroup = C5D46A3E1B74A9C700BAF8EF;
			productRefGroup = C5D46A481B74A9C700BAF8EF /* Products */;
			projectDirPath = "";
			projectRoot = "";
			targets = (
				C5D46A461B74A9C700BAF8EF /* ZYSinaMicroBlog */,
			);
		};
/* End PBXProject section */

/* Begin PBXResourcesBuildPhase section */
		C5D46A451B74A9C700BAF8EF /* Resources */ = {
			isa = PBXResourcesBuildPhase;
			buildActionMask = 2147483647;
			files = (
				C9B3D58B1BA968E5006937B2 /* More.plist in Resources */,
				C9B3D5291BA7C1E8006937B2 /* tabbar_home_selected.png in Resources */,
				C9B3D5181BA7C1E8006937B2 /* common_card_middle_background@2x.png in Resources */,
				C9B3D50D1BA7C1E8006937B2 /* common_button_big_red_highlighted.png in Resources */,
				C9B3D5131BA7C1E8006937B2 /* common_card_bottom_background.png in Resources */,
				C9B3D55F1BA7C1E8006937B2 /* navigationbar_home_highlighted@2x.png in Resources */,
				C9B3D5571BA7C1E8006937B2 /* navigationbar_button_background_disable@2x.png in Resources */,
				C9B3D5621BA7C1E8006937B2 /* navigationbar_more_highlighted.png in Resources */,
				C9B3D5481BA7C1E8006937B2 /* Icon.png in Resources */,
				C9B3D57A1BA7C1E8006937B2 /* new_feature_pagecontrol_point@2x.png in Resources */,
				C9B3D5401BA7C1E8006937B2 /* navigationbar_pop_highlighted@2x.png in Resources */,
				C9B3D5731BA7C1E8006937B2 /* new_feature_finish_button.png in Resources */,
				C9B3D5311BA7C1E8006937B2 /* tabbar_more_selected.png in Resources */,
				C9B3D57B1BA7C1E8006937B2 /* new_feature_share_false.png in Resources */,
				C9B3D5281BA7C1E8006937B2 /* tabbar_home@2x.png in Resources */,
				C9B3D54B1BA7C1E8006937B2 /* navigationbar_back@2x.png in Resources */,
				C9B3D54A1BA7C1E8006937B2 /* navigationbar_back.png in Resources */,
				C9B3D5301BA7C1E8006937B2 /* tabbar_more@2x.png in Resources */,
				C9B3D5361BA7C1E8006937B2 /* tabbar_profile_selected@2x.png in Resources */,
				C9B3D50C1BA7C1E8006937B2 /* common_button_big_red@2x.png in Resources */,
				C9B3D52D1BA7C1E8006937B2 /* tabbar_message_center_selected.png in Resources */,
				C9B3D5711BA7C1E8006937B2 /* new_feature_background.png in Resources */,
				C9B3D5171BA7C1E8006937B2 /* common_card_middle_background.png in Resources */,
				C9B3D5471BA7C1E8006937B2 /* Default@2x.png in Resources */,
				C9B3D5491BA7C1E8006937B2 /* Icon@2x.png in Resources */,
				C9B3D5751BA7C1E8006937B2 /* new_feature_finish_button_highlighted.png in Resources */,
				C9B3D5761BA7C1E8006937B2 /* new_feature_finish_button_highlighted@2x.png in Resources */,
				C9B3D5521BA7C1E8006937B2 /* navigationbar_background.png in Resources */,
				C9B3D5321BA7C1E8006937B2 /* tabbar_more_selected@2x.png in Resources */,
				C9B3D5581BA7C1E8006937B2 /* navigationbar_button_background_disabled.png in Resources */,
				C9B3D55B1BA7C1E8006937B2 /* navigationbar_button_background_pushed@2x.png in Resources */,
				C9B3D5561BA7C1E8006937B2 /* navigationbar_button_background_disable.png in Resources */,
				C9B3D5161BA7C1E8006937B2 /* common_card_bottom_background_highlighted@2x.png in Resources */,
				C9B3D5101BA7C1E8006937B2 /* common_card_background@2x.png in Resources */,
				C9B3D5501BA7C1E8006937B2 /* navigationbar_back_right_highlighted.png in Resources */,
				C9B3D5381BA7C1E8006937B2 /* tabbar_slider@2x.png in Resources */,
				C9B3D5221BA7C1E8006937B2 /* tabbar_background@2x.png in Resources */,
				C9B3D5271BA7C1E8006937B2 /* tabbar_home.png in Resources */,
				C9B3D51D1BA7C1E8006937B2 /* common_card_top_background_highlighted.png in Resources */,
				C9B3D53C1BA7C1E8006937B2 /* navigationbar_compose_highlighted@2x.png in Resources */,
				C9B3D52B1BA7C1E8006937B2 /* tabbar_message_center.png in Resources */,
				C5D46A581B74A9C700BAF8EF /* Images.xcassets in Resources */,
				C9B3D50E1BA7C1E8006937B2 /* common_button_big_red_highlighted@2x.png in Resources */,
				C9B3D5591BA7C1E8006937B2 /* navigationbar_button_background_disabled@2x.png in Resources */,
				C9B3D5781BA7C1E8006937B2 /* new_feature_pagecontrol_checked_point@2x.png in Resources */,
				C9B3D51A1BA7C1E8006937B2 /* common_card_middle_background_highlighted@2x.png in Resources */,
				C9B3D5331BA7C1E8006937B2 /* tabbar_profile.png in Resources */,
				C9B3D5541BA7C1E8006937B2 /* navigationbar_button_background.png in Resources */,
				C9B3D5601BA7C1E8006937B2 /* navigationbar_more.png in Resources */,
				C9B3D5681BA7C1E8006937B2 /* new_feature_2.png in Resources */,
				C9B3D5661BA7C1E8006937B2 /* new_feature_1@2x.png in Resources */,
				C9B3D5411BA7C1E8006937B2 /* common_icon_arrow.png in Resources */,
				C9B3D57E1BA7C1E8006937B2 /* new_feature_share_true@2x.png in Resources */,
				C9B3D53D1BA7C1E8006937B2 /* navigationbar_pop.png in Resources */,
				C9B3D55A1BA7C1E8006937B2 /* navigationbar_button_background_pushed.png in Resources */,
				C9B3D5111BA7C1E8006937B2 /* common_card_background_highlighted.png in Resources */,
				C9B3D5391BA7C1E8006937B2 /* navigationbar_compose.png in Resources */,
				C9B3D5201BA7C1E8006937B2 /* main_badge@2x.png in Resources */,
				C9B3D52A1BA7C1E8006937B2 /* tabbar_home_selected@2x.png in Resources */,
				C9B3D5611BA7C1E8006937B2 /* navigationbar_more@2x.png in Resources */,
				C9B3D5741BA7C1E8006937B2 /* new_feature_finish_button@2x.png in Resources */,
				C9B3D5671BA7C1E8006937B2 /* new_feature_2-568h@2x.png in Resources */,
				C9B3D5511BA7C1E8006937B2 /* navigationbar_back_right_highlighted@2x.png in Resources */,
				C9B3D53E1BA7C1E8006937B2 /* navigationbar_pop@2x.png in Resources */,
				C9B3D53F1BA7C1E8006937B2 /* navigationbar_pop_highlighted.png in Resources */,
				C9B3D57C1BA7C1E8006937B2 /* new_feature_share_false@2x.png in Resources */,
				C9B3D5451BA7C1E8006937B2 /* Default-568h@2x.png in Resources */,
				C9B3D5721BA7C1E8006937B2 /* new_feature_background@2x.png in Resources */,
				C9B3D5461BA7C1E8006937B2 /* Default.png in Resources */,
				C9B3D50B1BA7C1E8006937B2 /* common_button_big_red.png in Resources */,
				C9B3D52C1BA7C1E8006937B2 /* tabbar_message_center@2x.png in Resources */,
				C9B3D5151BA7C1E8006937B2 /* common_card_bottom_background_highlighted.png in Resources */,
				C9B3D5771BA7C1E8006937B2 /* new_feature_pagecontrol_checked_point.png in Resources */,
				C9B3D51E1BA7C1E8006937B2 /* common_card_top_background_highlighted@2x.png in Resources */,
				C9B3D5261BA7C1E8006937B2 /* tabbar_discover_selected@2x.png in Resources */,
				C9B3D5631BA7C1E8006937B2 /* navigationbar_more_highlighted@2x.png in Resources */,
				C9B3D53A1BA7C1E8006937B2 /* navigationbar_compose@2x.png in Resources */,
				C9B3D54E1BA7C1E8006937B2 /* navigationbar_back_right.png in Resources */,
				C9B3D5641BA7C1E8006937B2 /* new_feature_1-568h@2x.png in Resources */,
				C9B3D5341BA7C1E8006937B2 /* tabbar_profile@2x.png in Resources */,
				C9B3D5351BA7C1E8006937B2 /* tabbar_profile_selected.png in Resources */,
				C9B3D5531BA7C1E8006937B2 /* navigationbar_background@2x.png in Resources */,
				C9B3D53B1BA7C1E8006937B2 /* navigationbar_compose_highlighted.png in Resources */,
				C9B3D50F1BA7C1E8006937B2 /* common_card_background.png in Resources */,
				C9B3D52F1BA7C1E8006937B2 /* tabbar_more.png in Resources */,
				C9B3D5141BA7C1E8006937B2 /* common_card_bottom_background@2x.png in Resources */,
				C9B3D56F1BA7C1E8006937B2 /* new_feature_4@2x.png in Resources */,
				C9B3D5191BA7C1E8006937B2 /* common_card_middle_background_highlighted.png in Resources */,
				C9B3D56B1BA7C1E8006937B2 /* new_feature_3.png in Resources */,
				C9B3D51B1BA7C1E8006937B2 /* common_card_top_background.png in Resources */,
				C9B3D5421BA7C1E8006937B2 /* common_icon_arrow@2x.png in Resources */,
				C9B3D5701BA7C1E8006937B2 /* new_feature_background-568h@2x.png in Resources */,
				C9B3D54D1BA7C1E8006937B2 /* navigationbar_back_highlighted@2x.png in Resources */,
				C9B3D57F1BA7C1E8006937B2 /* TestImage.jpg in Resources */,
				C9B3D5121BA7C1E8006937B2 /* common_card_background_highlighted@2x.png in Resources */,
				C9B3D57D1BA7C1E8006937B2 /* new_feature_share_true.png in Resources */,
				C9B3D55E1BA7C1E8006937B2 /* navigationbar_home_highlighted.png in Resources */,
				C9B3D51F1BA7C1E8006937B2 /* main_badge.png in Resources */,
				C9B3D5231BA7C1E8006937B2 /* tabbar_discover.png in Resources */,
				C9B3D5691BA7C1E8006937B2 /* new_feature_2@2x.png in Resources */,
				C9B3D5251BA7C1E8006937B2 /* tabbar_discover_selected.png in Resources */,
				C9B3D5791BA7C1E8006937B2 /* new_feature_pagecontrol_point.png in Resources */,
				C9B3D52E1BA7C1E8006937B2 /* tabbar_message_center_selected@2x.png in Resources */,
				C9B3D56D1BA7C1E8006937B2 /* new_feature_4-568h@2x.png in Resources */,
				C9B3D56A1BA7C1E8006937B2 /* new_feature_3-568h@2x.png in Resources */,
				C9B3D5441BA7C1E8006937B2 /* common_icon_small_arrow@2x.png in Resources */,
				C9B3D5371BA7C1E8006937B2 /* tabbar_slider.png in Resources */,
				C9B3D56E1BA7C1E8006937B2 /* new_feature_4.png in Resources */,
				C9B3D5241BA7C1E8006937B2 /* tabbar_discover@2x.png in Resources */,
				C9B3D5211BA7C1E8006937B2 /* tabbar_background.png in Resources */,
				C9B3D5551BA7C1E8006937B2 /* navigationbar_button_background@2x.png in Resources */,
				C9B3D55D1BA7C1E8006937B2 /* navigationbar_home@2x.png in Resources */,
				C9B3D5651BA7C1E8006937B2 /* new_feature_1.png in Resources */,
				C9B3D51C1BA7C1E8006937B2 /* common_card_top_background@2x.png in Resources */,
				C9B3D54C1BA7C1E8006937B2 /* navigationbar_back_highlighted.png in Resources */,
				C9B3D56C1BA7C1E8006937B2 /* new_feature_3@2x.png in Resources */,
				C9B3D5431BA7C1E8006937B2 /* common_icon_small_arrow.png in Resources */,
				C9B3D55C1BA7C1E8006937B2 /* navigationbar_home.png in Resources */,
				C9B3D54F1BA7C1E8006937B2 /* navigationbar_back_right@2x.png in Resources */,
			);
			runOnlyForDeploymentPostprocessing = 0;
		};
/* End PBXResourcesBuildPhase section */

/* Begin PBXSourcesBuildPhase section */
		C5D46A431B74A9C700BAF8EF /* Sources */ = {
			isa = PBXSourcesBuildPhase;
			buildActionMask = 2147483647;
			files = (
				C951F19E1B884ACF00CECA01 /* ZYNewfeatureController.m in Sources */,
				C951F1AA1B8858E100CECA01 /* ZYDockItem.m in Sources */,
				C9B3D48C1BA7BB99006937B2 /* ZYTableViewCell.m in Sources */,
				C951F1B61B88728000CECA01 /* ZYDiscoverViewController.m in Sources */,
				C57C85671B99537A00ED2C29 /* ZYProfileController.m in Sources */,
				C951F1A41B88578800CECA01 /* ZYDockController.m in Sources */,
				C951F1B01B88725D00CECA01 /* ZYHomeViewController.m in Sources */,
				C9B3D5821BA7C33A006937B2 /* UIImage+ZY.m in Sources */,
				C951F1A11B884ADE00CECA01 /* ZYMainController.m in Sources */,
				C951F1B91B8872B900CECA01 /* ZYMessageViewController.m in Sources */,
				C951F1B31B88726F00CECA01 /* ZYMoreViewController.m in Sources */,
				C951F1A71B8857EE00CECA01 /* ZYDock.m in Sources */,
				C951F19A1B884A9500CECA01 /* ZYAppDelegate.m in Sources */,
				C951F1991B884A9500CECA01 /* main.m in Sources */,
				C931943A1BA2B69700890E5E /* ZYMoreTableData.m in Sources */,
				C96691241B9D44AD0012FF0C /* UIBarButtonItem+ZY.m in Sources */,
			);
			runOnlyForDeploymentPostprocessing = 0;
		};
/* End PBXSourcesBuildPhase section */

/* Begin XCBuildConfiguration section */
		C5D46A681B74A9C700BAF8EF /* Debug */ = {
			isa = XCBuildConfiguration;
			buildSettings = {
				ALWAYS_SEARCH_USER_PATHS = NO;
				CLANG_CXX_LANGUAGE_STANDARD = "gnu++0x";
				CLANG_CXX_LIBRARY = "libc++";
				CLANG_ENABLE_MODULES = YES;
				CLANG_ENABLE_OBJC_ARC = YES;
				CLANG_WARN_BOOL_CONVERSION = YES;
				CLANG_WARN_CONSTANT_CONVERSION = YES;
				CLANG_WARN_DIRECT_OBJC_ISA_USAGE = YES_ERROR;
				CLANG_WARN_EMPTY_BODY = YES;
				CLANG_WARN_ENUM_CONVERSION = YES;
				CLANG_WARN_INT_CONVERSION = YES;
				CLANG_WARN_OBJC_ROOT_CLASS = YES_ERROR;
				CLANG_WARN_UNREACHABLE_CODE = YES;
				CLANG_WARN__DUPLICATE_METHOD_MATCH = YES;
				"CODE_SIGN_IDENTITY[sdk=iphoneos*]" = "iPhone Developer";
				COPY_PHASE_STRIP = NO;
				DEBUG_INFORMATION_FORMAT = "dwarf-with-dsym";
				DEPLOYMENT_LOCATION = NO;
				ENABLE_STRICT_OBJC_MSGSEND = YES;
				ENABLE_TESTABILITY = YES;
				GCC_C_LANGUAGE_STANDARD = gnu99;
				GCC_DYNAMIC_NO_PIC = NO;
				GCC_NO_COMMON_BLOCKS = YES;
				GCC_OPTIMIZATION_LEVEL = 0;
				GCC_PREPROCESSOR_DEFINITIONS = (
					"DEBUG=1",
					"$(inherited)",
				);
				GCC_SYMBOLS_PRIVATE_EXTERN = NO;
				GCC_WARN_64_TO_32_BIT_CONVERSION = YES;
				GCC_WARN_ABOUT_RETURN_TYPE = YES_ERROR;
				GCC_WARN_UNDECLARED_SELECTOR = YES;
				GCC_WARN_UNINITIALIZED_AUTOS = YES_AGGRESSIVE;
				GCC_WARN_UNUSED_FUNCTION = YES;
				GCC_WARN_UNUSED_VARIABLE = YES;
				IPHONEOS_DEPLOYMENT_TARGET = 7.0;
				MTL_ENABLE_DEBUG_INFO = YES;
				ONLY_ACTIVE_ARCH = YES;
				RESOURCES_TARGETED_DEVICE_FAMILY = "";
				SDKROOT = iphoneos;
			};
			name = Debug;
		};
		C5D46A691B74A9C700BAF8EF /* Release */ = {
			isa = XCBuildConfiguration;
			buildSettings = {
				ALWAYS_SEARCH_USER_PATHS = NO;
				CLANG_CXX_LANGUAGE_STANDARD = "gnu++0x";
				CLANG_CXX_LIBRARY = "libc++";
				CLANG_ENABLE_MODULES = YES;
				CLANG_ENABLE_OBJC_ARC = YES;
				CLANG_WARN_BOOL_CONVERSION = YES;
				CLANG_WARN_CONSTANT_CONVERSION = YES;
				CLANG_WARN_DIRECT_OBJC_ISA_USAGE = YES_ERROR;
				CLANG_WARN_EMPTY_BODY = YES;
				CLANG_WARN_ENUM_CONVERSION = YES;
				CLANG_WARN_INT_CONVERSION = YES;
				CLANG_WARN_OBJC_ROOT_CLASS = YES_ERROR;
				CLANG_WARN_UNREACHABLE_CODE = YES;
				CLANG_WARN__DUPLICATE_METHOD_MATCH = YES;
				"CODE_SIGN_IDENTITY[sdk=iphoneos*]" = "iPhone Developer";
				COPY_PHASE_STRIP = NO;
				DEBUG_INFORMATION_FORMAT = "dwarf-with-dsym";
				DEPLOYMENT_LOCATION = NO;
				ENABLE_NS_ASSERTIONS = NO;
				ENABLE_STRICT_OBJC_MSGSEND = YES;
				GCC_C_LANGUAGE_STANDARD = gnu99;
				GCC_NO_COMMON_BLOCKS = YES;
				GCC_WARN_64_TO_32_BIT_CONVERSION = YES;
				GCC_WARN_ABOUT_RETURN_TYPE = YES_ERROR;
				GCC_WARN_UNDECLARED_SELECTOR = YES;
				GCC_WARN_UNINITIALIZED_AUTOS = YES_AGGRESSIVE;
				GCC_WARN_UNUSED_FUNCTION = YES;
				GCC_WARN_UNUSED_VARIABLE = YES;
				IPHONEOS_DEPLOYMENT_TARGET = 7.0;
				MTL_ENABLE_DEBUG_INFO = NO;
				SDKROOT = iphoneos;
				VALIDATE_PRODUCT = YES;
			};
			name = Release;
		};
		C5D46A6B1B74A9C700BAF8EF /* Debug */ = {
			isa = XCBuildConfiguration;
			buildSettings = {
				ASSETCATALOG_COMPILER_APPICON_NAME = AppIcon;
				ASSETCATALOG_COMPILER_LAUNCHIMAGE_NAME = LaunchImage;
				GCC_PRECOMPILE_PREFIX_HEADER = YES;
				GCC_PREFIX_HEADER = "$(SRCROOT)/ZYSinaMicroBlog/SinaMicroBlog-Prefix.pch";
				INFOPLIST_FILE = ZYSinaMicroBlog/Info.plist;
				LD_RUNPATH_SEARCH_PATHS = "$(inherited) @executable_path/Frameworks";
				PRODUCT_BUNDLE_IDENTIFIER = "com.yao.zhou.$(PRODUCT_NAME:rfc1034identifier)";
				PRODUCT_NAME = "$(TARGET_NAME)";
			};
			name = Debug;
		};
		C5D46A6C1B74A9C700BAF8EF /* Release */ = {
			isa = XCBuildConfiguration;
			buildSettings = {
				ASSETCATALOG_COMPILER_APPICON_NAME = AppIcon;
				ASSETCATALOG_COMPILER_LAUNCHIMAGE_NAME = LaunchImage;
				GCC_PRECOMPILE_PREFIX_HEADER = YES;
				GCC_PREFIX_HEADER = "$(SRCROOT)/ZYSinaMicroBlog/SinaMicroBlog-Prefix.pch";
				INFOPLIST_FILE = ZYSinaMicroBlog/Info.plist;
				LD_RUNPATH_SEARCH_PATHS = "$(inherited) @executable_path/Frameworks";
				PRODUCT_BUNDLE_IDENTIFIER = "com.yao.zhou.$(PRODUCT_NAME:rfc1034identifier)";
				PRODUCT_NAME = "$(TARGET_NAME)";
			};
			name = Release;
		};
/* End XCBuildConfiguration section */

/* Begin XCConfigurationList section */
		C5D46A421B74A9C700BAF8EF /* Build configuration list for PBXProject "ZYSinaMicroBlog" */ = {
			isa = XCConfigurationList;
			buildConfigurations = (
				C5D46A681B74A9C700BAF8EF /* Debug */,
				C5D46A691B74A9C700BAF8EF /* Release */,
			);
			defaultConfigurationIsVisible = 0;
			defaultConfigurationName = Release;
		};
		C5D46A6A1B74A9C700BAF8EF /* Build configuration list for PBXNativeTarget "ZYSinaMicroBlog" */ = {
			isa = XCConfigurationList;
			buildConfigurations = (
				C5D46A6B1B74A9C700BAF8EF /* Debug */,
				C5D46A6C1B74A9C700BAF8EF /* Release */,
			);
			defaultConfigurationIsVisible = 0;
			defaultConfigurationName = Release;
		};
/* End XCConfigurationList section */
	};
	rootObject = C5D46A3F1B74A9C700BAF8EF /* Project object */;
}
